PODS:
  - appcenter-core (4.3.0):
    - AppCenterReactNativeShared (~> 4.0)
    - React-Core
  - appcenter-crashes (4.3.0):
    - AppCenter/Crashes (~> 4.0)
    - AppCenterReactNativeShared (~> 4.0)
    - React-Core
  - AppCenter/Core (4.3.0)
  - AppCenter/Crashes (4.3.0):
    - AppCenter/Core
  - AppCenterReactNativeShared (4.3.0):
    - AppCenter/Core (= 4.3.0)
  - Base64 (1.1.2)
  - boost (1.76.0)
  - CodePush (7.0.4):
    - Base64 (~> 1.1)
    - JWT (~> 3.0.0-beta.12)
    - React-Core
    - SSZipArchive (~> 2.2.2)
  - DoubleConversion (1.1.6)
  - FBLazyVector (0.66.1)
  - FBReactNativeSpec (0.66.1):
    - RCT-Folly (= 2021.06.28.00-v2)
    - RCTRequired (= 0.66.1)
    - RCTTypeSafety (= 0.66.1)
    - React-Core (= 0.66.1)
    - React-jsi (= 0.66.1)
    - ReactCommon/turbomodule/core (= 0.66.1)
  - fmt (6.2.1)
  - glog (0.3.5)
  - JWT (3.0.0-beta.14):
    - Base64 (~> 1.1.2)
  - RCT-Folly (2021.06.28.00-v2):
    - boost
    - DoubleConversion
    - fmt (~> 6.2.1)
    - glog
    - RCT-Folly/Default (= 2021.06.28.00-v2)
  - RCT-Folly/Default (2021.06.28.00-v2):
    - boost
    - DoubleConversion
    - fmt (~> 6.2.1)
    - glog
  - RCTRequired (0.66.1)
  - RCTTypeSafety (0.66.1):
    - FBLazyVector (= 0.66.1)
    - RCT-Folly (= 2021.06.28.00-v2)
    - RCTRequired (= 0.66.1)
    - React-Core (= 0.66.1)
  - React (0.66.1):
    - React-Core (= 0.66.1)
    - React-Core/DevSupport (= 0.66.1)
    - React-Core/RCTWebSocket (= 0.66.1)
    - React-RCTActionSheet (= 0.66.1)
    - React-RCTAnimation (= 0.66.1)
    - React-RCTBlob (= 0.66.1)
    - React-RCTImage (= 0.66.1)
    - React-RCTLinking (= 0.66.1)
    - React-RCTNetwork (= 0.66.1)
    - React-RCTSettings (= 0.66.1)
    - React-RCTText (= 0.66.1)
    - React-RCTVibration (= 0.66.1)
  - React-callinvoker (0.66.1)
  - React-Core (0.66.1):
    - glog
    - RCT-Folly (= 2021.06.28.00-v2)
    - React-Core/Default (= 0.66.1)
    - React-cxxreact (= 0.66.1)
    - React-jsi (= 0.66.1)
    - React-jsiexecutor (= 0.66.1)
    - React-perflogger (= 0.66.1)
    - Yoga
  - React-Core/CoreModulesHeaders (0.66.1):
    - glog
    - RCT-Folly (= 2021.06.28.00-v2)
    - React-Core/Default
    - React-cxxreact (= 0.66.1)
    - React-jsi (= 0.66.1)
    - React-jsiexecutor (= 0.66.1)
    - React-perflogger (= 0.66.1)
    - Yoga
  - React-Core/Default (0.66.1):
    - glog
    - RCT-Folly (= 2021.06.28.00-v2)
    - React-cxxreact (= 0.66.1)
    - React-jsi (= 0.66.1)
    - React-jsiexecutor (= 0.66.1)
    - React-perflogger (= 0.66.1)
    - Yoga
  - React-Core/DevSupport (0.66.1):
    - glog
    - RCT-Folly (= 2021.06.28.00-v2)
    - React-Core/Default (= 0.66.1)
    - React-Core/RCTWebSocket (= 0.66.1)
    - React-cxxreact (= 0.66.1)
    - React-jsi (= 0.66.1)
    - React-jsiexecutor (= 0.66.1)
    - React-jsinspector (= 0.66.1)
    - React-perflogger (= 0.66.1)
    - Yoga
  - React-Core/RCTActionSheetHeaders (0.66.1):
    - glog
    - RCT-Folly (= 2021.06.28.00-v2)
    - React-Core/Default
    - React-cxxreact (= 0.66.1)
    - React-jsi (= 0.66.1)
    - React-jsiexecutor (= 0.66.1)
    - React-perflogger (= 0.66.1)
    - Yoga
  - React-Core/RCTAnimationHeaders (0.66.1):
    - glog
    - RCT-Folly (= 2021.06.28.00-v2)
    - React-Core/Default
    - React-cxxreact (= 0.66.1)
    - React-jsi (= 0.66.1)
    - React-jsiexecutor (= 0.66.1)
    - React-perflogger (= 0.66.1)
    - Yoga
  - React-Core/RCTBlobHeaders (0.66.1):
    - glog
    - RCT-Folly (= 2021.06.28.00-v2)
    - React-Core/Default
    - React-cxxreact (= 0.66.1)
    - React-jsi (= 0.66.1)
    - React-jsiexecutor (= 0.66.1)
    - React-perflogger (= 0.66.1)
    - Yoga
  - React-Core/RCTImageHeaders (0.66.1):
    - glog
    - RCT-Folly (= 2021.06.28.00-v2)
    - React-Core/Default
    - React-cxxreact (= 0.66.1)
    - React-jsi (= 0.66.1)
    - React-jsiexecutor (= 0.66.1)
    - React-perflogger (= 0.66.1)
    - Yoga
  - React-Core/RCTLinkingHeaders (0.66.1):
    - glog
    - RCT-Folly (= 2021.06.28.00-v2)
    - React-Core/Default
    - React-cxxreact (= 0.66.1)
    - React-jsi (= 0.66.1)
    - React-jsiexecutor (= 0.66.1)
    - React-perflogger (= 0.66.1)
    - Yoga
  - React-Core/RCTNetworkHeaders (0.66.1):
    - glog
    - RCT-Folly (= 2021.06.28.00-v2)
    - React-Core/Default
    - React-cxxreact (= 0.66.1)
    - React-jsi (= 0.66.1)
    - React-jsiexecutor (= 0.66.1)
    - React-perflogger (= 0.66.1)
    - Yoga
  - React-Core/RCTSettingsHeaders (0.66.1):
    - glog
    - RCT-Folly (= 2021.06.28.00-v2)
    - React-Core/Default
    - React-cxxreact (= 0.66.1)
    - React-jsi (= 0.66.1)
    - React-jsiexecutor (= 0.66.1)
    - React-perflogger (= 0.66.1)
    - Yoga
  - React-Core/RCTTextHeaders (0.66.1):
    - glog
    - RCT-Folly (= 2021.06.28.00-v2)
    - React-Core/Default
    - React-cxxreact (= 0.66.1)
    - React-jsi (= 0.66.1)
    - React-jsiexecutor (= 0.66.1)
    - React-perflogger (= 0.66.1)
    - Yoga
  - React-Core/RCTVibrationHeaders (0.66.1):
    - glog
    - RCT-Folly (= 2021.06.28.00-v2)
    - React-Core/Default
    - React-cxxreact (= 0.66.1)
    - React-jsi (= 0.66.1)
    - React-jsiexecutor (= 0.66.1)
    - React-perflogger (= 0.66.1)
    - Yoga
  - React-Core/RCTWebSocket (0.66.1):
    - glog
    - RCT-Folly (= 2021.06.28.00-v2)
    - React-Core/Default (= 0.66.1)
    - React-cxxreact (= 0.66.1)
    - React-jsi (= 0.66.1)
    - React-jsiexecutor (= 0.66.1)
    - React-perflogger (= 0.66.1)
    - Yoga
  - React-CoreModules (0.66.1):
    - FBReactNativeSpec (= 0.66.1)
    - RCT-Folly (= 2021.06.28.00-v2)
    - RCTTypeSafety (= 0.66.1)
    - React-Core/CoreModulesHeaders (= 0.66.1)
    - React-jsi (= 0.66.1)
    - React-RCTImage (= 0.66.1)
    - ReactCommon/turbomodule/core (= 0.66.1)
  - React-cxxreact (0.66.1):
    - boost (= 1.76.0)
    - DoubleConversion
    - glog
    - RCT-Folly (= 2021.06.28.00-v2)
    - React-callinvoker (= 0.66.1)
    - React-jsi (= 0.66.1)
    - React-jsinspector (= 0.66.1)
    - React-logger (= 0.66.1)
    - React-perflogger (= 0.66.1)
    - React-runtimeexecutor (= 0.66.1)
  - React-jsi (0.66.1):
    - boost (= 1.76.0)
    - DoubleConversion
    - glog
    - RCT-Folly (= 2021.06.28.00-v2)
    - React-jsi/Default (= 0.66.1)
  - React-jsi/Default (0.66.1):
    - boost (= 1.76.0)
    - DoubleConversion
    - glog
    - RCT-Folly (= 2021.06.28.00-v2)
  - React-jsiexecutor (0.66.1):
    - DoubleConversion
    - glog
    - RCT-Folly (= 2021.06.28.00-v2)
    - React-cxxreact (= 0.66.1)
    - React-jsi (= 0.66.1)
    - React-perflogger (= 0.66.1)
  - React-jsinspector (0.66.1)
  - React-logger (0.66.1):
    - glog
  - react-native-safe-area-context (3.3.2):
    - React-Core
  - React-perflogger (0.66.1)
  - React-RCTActionSheet (0.66.1):
    - React-Core/RCTActionSheetHeaders (= 0.66.1)
  - React-RCTAnimation (0.66.1):
    - FBReactNativeSpec (= 0.66.1)
    - RCT-Folly (= 2021.06.28.00-v2)
    - RCTTypeSafety (= 0.66.1)
    - React-Core/RCTAnimationHeaders (= 0.66.1)
    - React-jsi (= 0.66.1)
    - ReactCommon/turbomodule/core (= 0.66.1)
  - React-RCTBlob (0.66.1):
    - FBReactNativeSpec (= 0.66.1)
    - RCT-Folly (= 2021.06.28.00-v2)
    - React-Core/RCTBlobHeaders (= 0.66.1)
    - React-Core/RCTWebSocket (= 0.66.1)
    - React-jsi (= 0.66.1)
    - React-RCTNetwork (= 0.66.1)
    - ReactCommon/turbomodule/core (= 0.66.1)
  - React-RCTImage (0.66.1):
    - FBReactNativeSpec (= 0.66.1)
    - RCT-Folly (= 2021.06.28.00-v2)
    - RCTTypeSafety (= 0.66.1)
    - React-Core/RCTImageHeaders (= 0.66.1)
    - React-jsi (= 0.66.1)
    - React-RCTNetwork (= 0.66.1)
    - ReactCommon/turbomodule/core (= 0.66.1)
  - React-RCTLinking (0.66.1):
    - FBReactNativeSpec (= 0.66.1)
    - React-Core/RCTLinkingHeaders (= 0.66.1)
    - React-jsi (= 0.66.1)
    - ReactCommon/turbomodule/core (= 0.66.1)
  - React-RCTNetwork (0.66.1):
    - FBReactNativeSpec (= 0.66.1)
    - RCT-Folly (= 2021.06.28.00-v2)
    - RCTTypeSafety (= 0.66.1)
    - React-Core/RCTNetworkHeaders (= 0.66.1)
    - React-jsi (= 0.66.1)
    - ReactCommon/turbomodule/core (= 0.66.1)
  - React-RCTSettings (0.66.1):
    - FBReactNativeSpec (= 0.66.1)
    - RCT-Folly (= 2021.06.28.00-v2)
    - RCTTypeSafety (= 0.66.1)
    - React-Core/RCTSettingsHeaders (= 0.66.1)
    - React-jsi (= 0.66.1)
    - ReactCommon/turbomodule/core (= 0.66.1)
  - React-RCTText (0.66.1):
    - React-Core/RCTTextHeaders (= 0.66.1)
  - React-RCTVibration (0.66.1):
    - FBReactNativeSpec (= 0.66.1)
    - RCT-Folly (= 2021.06.28.00-v2)
    - React-Core/RCTVibrationHeaders (= 0.66.1)
    - React-jsi (= 0.66.1)
    - ReactCommon/turbomodule/core (= 0.66.1)
  - React-runtimeexecutor (0.66.1):
    - React-jsi (= 0.66.1)
  - ReactCommon/turbomodule/core (0.66.1):
    - DoubleConversion
    - glog
    - RCT-Folly (= 2021.06.28.00-v2)
    - React-callinvoker (= 0.66.1)
    - React-Core (= 0.66.1)
    - React-cxxreact (= 0.66.1)
    - React-jsi (= 0.66.1)
    - React-logger (= 0.66.1)
    - React-perflogger (= 0.66.1)
  - RNGestureHandler (1.10.3):
    - React-Core
  - RNScreens (3.8.0):
    - React-Core
    - React-RCTImage
  - RNSVG (12.1.1):
    - React
  - SSZipArchive (2.2.3)
  - Yoga (1.14.0)

DEPENDENCIES:
  - appcenter-core (from `../node_modules/appcenter/ios`)
  - appcenter-crashes (from `../node_modules/appcenter-crashes/ios`)
  - boost (from `../node_modules/react-native/third-party-podspecs/boost.podspec`)
  - CodePush (from `../node_modules/react-native-code-push`)
  - DoubleConversion (from `../node_modules/react-native/third-party-podspecs/DoubleConversion.podspec`)
  - FBLazyVector (from `../node_modules/react-native/Libraries/FBLazyVector`)
  - FBReactNativeSpec (from `../node_modules/react-native/React/FBReactNativeSpec`)
  - glog (from `../node_modules/react-native/third-party-podspecs/glog.podspec`)
  - RCT-Folly (from `../node_modules/react-native/third-party-podspecs/RCT-Folly.podspec`)
  - RCTRequired (from `../node_modules/react-native/Libraries/RCTRequired`)
  - RCTTypeSafety (from `../node_modules/react-native/Libraries/TypeSafety`)
  - React (from `../node_modules/react-native/`)
  - React-callinvoker (from `../node_modules/react-native/ReactCommon/callinvoker`)
  - React-Core (from `../node_modules/react-native/`)
  - React-Core/DevSupport (from `../node_modules/react-native/`)
  - React-Core/RCTWebSocket (from `../node_modules/react-native/`)
  - React-CoreModules (from `../node_modules/react-native/React/CoreModules`)
  - React-cxxreact (from `../node_modules/react-native/ReactCommon/cxxreact`)
  - React-jsi (from `../node_modules/react-native/ReactCommon/jsi`)
  - React-jsiexecutor (from `../node_modules/react-native/ReactCommon/jsiexecutor`)
  - React-jsinspector (from `../node_modules/react-native/ReactCommon/jsinspector`)
  - React-logger (from `../node_modules/react-native/ReactCommon/logger`)
  - react-native-safe-area-context (from `../node_modules/react-native-safe-area-context`)
  - React-perflogger (from `../node_modules/react-native/ReactCommon/reactperflogger`)
  - React-RCTActionSheet (from `../node_modules/react-native/Libraries/ActionSheetIOS`)
  - React-RCTAnimation (from `../node_modules/react-native/Libraries/NativeAnimation`)
  - React-RCTBlob (from `../node_modules/react-native/Libraries/Blob`)
  - React-RCTImage (from `../node_modules/react-native/Libraries/Image`)
  - React-RCTLinking (from `../node_modules/react-native/Libraries/LinkingIOS`)
  - React-RCTNetwork (from `../node_modules/react-native/Libraries/Network`)
  - React-RCTSettings (from `../node_modules/react-native/Libraries/Settings`)
  - React-RCTText (from `../node_modules/react-native/Libraries/Text`)
  - React-RCTVibration (from `../node_modules/react-native/Libraries/Vibration`)
  - React-runtimeexecutor (from `../node_modules/react-native/ReactCommon/runtimeexecutor`)
  - ReactCommon/turbomodule/core (from `../node_modules/react-native/ReactCommon`)
  - RNGestureHandler (from `../node_modules/react-native-gesture-handler`)
  - RNScreens (from `../node_modules/react-native-screens`)
  - RNSVG (from `../node_modules/react-native-svg`)
  - Yoga (from `../node_modules/react-native/ReactCommon/yoga`)

SPEC REPOS:
  trunk:
    - AppCenter
    - AppCenterReactNativeShared
    - Base64
    - fmt
    - JWT
    - SSZipArchive

EXTERNAL SOURCES:
  appcenter-core:
    :path: "../node_modules/appcenter/ios"
  appcenter-crashes:
    :path: "../node_modules/appcenter-crashes/ios"
  boost:
    :podspec: "../node_modules/react-native/third-party-podspecs/boost.podspec"
  CodePush:
    :path: "../node_modules/react-native-code-push"
  DoubleConversion:
    :podspec: "../node_modules/react-native/third-party-podspecs/DoubleConversion.podspec"
  FBLazyVector:
    :path: "../node_modules/react-native/Libraries/FBLazyVector"
  FBReactNativeSpec:
    :path: "../node_modules/react-native/React/FBReactNativeSpec"
  glog:
    :podspec: "../node_modules/react-native/third-party-podspecs/glog.podspec"
  RCT-Folly:
    :podspec: "../node_modules/react-native/third-party-podspecs/RCT-Folly.podspec"
  RCTRequired:
    :path: "../node_modules/react-native/Libraries/RCTRequired"
  RCTTypeSafety:
    :path: "../node_modules/react-native/Libraries/TypeSafety"
  React:
    :path: "../node_modules/react-native/"
  React-callinvoker:
    :path: "../node_modules/react-native/ReactCommon/callinvoker"
  React-Core:
    :path: "../node_modules/react-native/"
  React-CoreModules:
    :path: "../node_modules/react-native/React/CoreModules"
  React-cxxreact:
    :path: "../node_modules/react-native/ReactCommon/cxxreact"
  React-jsi:
    :path: "../node_modules/react-native/ReactCommon/jsi"
  React-jsiexecutor:
    :path: "../node_modules/react-native/ReactCommon/jsiexecutor"
  React-jsinspector:
    :path: "../node_modules/react-native/ReactCommon/jsinspector"
  React-logger:
    :path: "../node_modules/react-native/ReactCommon/logger"
  react-native-safe-area-context:
    :path: "../node_modules/react-native-safe-area-context"
  React-perflogger:
    :path: "../node_modules/react-native/ReactCommon/reactperflogger"
  React-RCTActionSheet:
    :path: "../node_modules/react-native/Libraries/ActionSheetIOS"
  React-RCTAnimation:
    :path: "../node_modules/react-native/Libraries/NativeAnimation"
  React-RCTBlob:
    :path: "../node_modules/react-native/Libraries/Blob"
  React-RCTImage:
    :path: "../node_modules/react-native/Libraries/Image"
  React-RCTLinking:
    :path: "../node_modules/react-native/Libraries/LinkingIOS"
  React-RCTNetwork:
    :path: "../node_modules/react-native/Libraries/Network"
  React-RCTSettings:
    :path: "../node_modules/react-native/Libraries/Settings"
  React-RCTText:
    :path: "../node_modules/react-native/Libraries/Text"
  React-RCTVibration:
    :path: "../node_modules/react-native/Libraries/Vibration"
  React-runtimeexecutor:
    :path: "../node_modules/react-native/ReactCommon/runtimeexecutor"
  ReactCommon:
    :path: "../node_modules/react-native/ReactCommon"
  RNGestureHandler:
    :path: "../node_modules/react-native-gesture-handler"
  RNScreens:
    :path: "../node_modules/react-native-screens"
  RNSVG:
    :path: "../node_modules/react-native-svg"
  Yoga:
    :path: "../node_modules/react-native/ReactCommon/yoga"

SPEC CHECKSUMS:
  AppCenter: 883369ab78427b0561c688158d689dfe1f993ea9
  appcenter-core: 0293b8aeee457a25b44323a311de49c29d9defa7
  appcenter-crashes: ad135405e148a9ed1c8bd169a9d2ea7bbaecd34c
  AppCenterReactNativeShared: a821c7287a296486889ef6339317b701febb0695
  Base64: cecfb41a004124895a7bcee567a89bae5a89d49b
  boost: a7c83b31436843459a1961bfd74b96033dc77234
  CodePush: b51b7ac64c07d4eacfc8cc5750a1dd28adbf2528
  DoubleConversion: 831926d9b8bf8166fd87886c4abab286c2422662
  FBLazyVector: 500821d196c3d1bd10e7e828bc93ce075234080f
  FBReactNativeSpec: 74c869e2cffa2ffec685cd1bac6788c021da6005
  fmt: ff9d55029c625d3757ed641535fd4a75fedc7ce9
  glog: 5337263514dd6f09803962437687240c5dc39aa4
  JWT: ef71dfb03e1f842081e64dc42eef0e164f35d251
  RCT-Folly: a21c126816d8025b547704b777a2ba552f3d9fa9
  RCTRequired: 3cc065b52aa18db729268b9bd78a2feffb4d0f91
  RCTTypeSafety: 3c4fc37d5dea452d2ef17324db5504ec2f05083a
  React: 4a00720816c52a213424442954acb7e4b724804a
  React-callinvoker: 911fc6570538f3bb5c61edf9dc907c1beb4355bf
  React-Core: e134d3a5d7b2a1a731589be776e20dbb14868f27
  React-CoreModules: 2f8588b2aa47e7fef27125c8eaaabda963b3ac62
  React-cxxreact: 8f1382538cad0cc8b8eafca6d66268828e353bea
  React-jsi: 9fe1854d2c0486216acebd5db3c38b4ccb23ca0b
  React-jsiexecutor: db2f6e22a534d466fc0e34e622df47d9d20bab2f
  React-jsinspector: 8c0517dee5e8c70cd6c3066f20213ff7ce54f176
  React-logger: bfddd3418dc1d45b77b822958f3e31422e2c179b
  react-native-safe-area-context: 584dc04881deb49474363f3be89e4ca0e854c057
  React-perflogger: fcac6090a80e3d967791b4c7f1b1a017f9d4a398
  React-RCTActionSheet: caf5913d9f9e605f5467206cf9d1caa6d47d7ad6
  React-RCTAnimation: 6539e3bf594f6a529cd861985ba6548286ae1ead
  React-RCTBlob: 6e2e999d28b15fd03ed533f164ce33e0fcde571a
  React-RCTImage: c6bbb10eedb6b840c4474f2108b864173b83de15
  React-RCTLinking: 8fda9bb8fdb104e78110a903a9a77754318c7d11
  React-RCTNetwork: 2b26daad93830501cf14aab03eac04e304f942d3
  React-RCTSettings: 89c0dcee7adb706c749383596f57c1e882a27843
  React-RCTText: 71734fce8e6cb854daeb4a5eec182c303ea58473
  React-RCTVibration: 6600b5eed7c0fda4a433fa1198d1cb2690151791
  React-runtimeexecutor: 33a949a51bec5f8a3c9e8d8092deb259600d761e
  ReactCommon: 620442811dc6f707b4bf5e3b27d4f19c12d5a821
  RNGestureHandler: a479ebd5ed4221a810967000735517df0d2db211
  RNScreens: 6e1ea5787989f92b0671049b808aef64fa1ef98c
  RNSVG: 551acb6562324b1d52a4e0758f7ca0ec234e278f
  SSZipArchive: 62d4947b08730e4cda640473b0066d209ff033c9
  Yoga: 2b4a01651f42a32f82e6cef3830a3ba48088237f

PODFILE CHECKSUM: b1f161e7940152ca920111bffc0986ee64739560

COCOAPODS: 1.11.2
