// !$*UTF8*$!
{
	archiveVersion = 1;
	classes = {
	};
	objectVersion = 54;
	objects = {

/* Begin PBXBuildFile section */
		00E356F31AD99517003FC87E /* spacebarTests.m in Sources */ = {isa = PBXBuildFile; fileRef = 00E356F21AD99517003FC87E /* spacebarTests.m */; };
		0C80B921A6F3F58F76C31292 /* libPods-spacebar.a in Frameworks */ = {isa = PBXBuildFile; fileRef = 5DCACB8F33CDC322A6C60F78 /* libPods-spacebar.a */; };
		13B07FBC1A68108700A75B9A /* AppDelegate.mm in Sources */ = {isa = PBXBuildFile; fileRef = 13B07FB01A68108700A75B9A /* AppDelegate.mm */; };
		13B07FBF1A68108700A75B9A /* Images.xcassets in Resources */ = {isa = PBXBuildFile; fileRef = 13B07FB51A68108700A75B9A /* Images.xcassets */; };
		13B07FC11A68108700A75B9A /* main.m in Sources */ = {isa = PBXBuildFile; fileRef = 13B07FB71A68108700A75B9A /* main.m */; };
		7699B88040F8A987B510C191 /* libPods-spacebar-spacebarTests.a in Frameworks */ = {isa = PBXBuildFile; fileRef = 19F6CBCC0A4E27FBF8BF4A61 /* libPods-spacebar-spacebarTests.a */; };
		81AB9BB82411601600AC10FF /* LaunchScreen.storyboard in Resources */ = {isa = PBXBuildFile; fileRef = 81AB9BB72411601600AC10FF /* LaunchScreen.storyboard */; };
		DF070125C4C54BEE98332045 /* SourceCodePro-Black.otf in Resources */ = {isa = PBXBuildFile; fileRef = F0DC39FFD8E54360B71275C8 /* SourceCodePro-Black.otf */; };
		F5F54FFBA2F34066BAD45492 /* SourceCodePro-BlackIt.otf in Resources */ = {isa = PBXBuildFile; fileRef = D0CD4F7C14734C8DB3F0DB3D /* SourceCodePro-BlackIt.otf */; };
		7BC32F32705E43F3A3457333 /* SourceCodePro-Bold.otf in Resources */ = {isa = PBXBuildFile; fileRef = 9F20360468AF4A7A89AB8664 /* SourceCodePro-Bold.otf */; };
		C88C6B8470D34E9981AD1974 /* SourceCodePro-BoldIt.otf in Resources */ = {isa = PBXBuildFile; fileRef = BC0E05C886DA414BAE43E891 /* SourceCodePro-BoldIt.otf */; };
		2940B123546B47CEABB17651 /* SourceCodePro-ExtraLight.otf in Resources */ = {isa = PBXBuildFile; fileRef = 3E14031CFE734678950A7128 /* SourceCodePro-ExtraLight.otf */; };
		4AAD4055C42B49BAAA36C170 /* SourceCodePro-ExtraLightIt.otf in Resources */ = {isa = PBXBuildFile; fileRef = 9E182432EB994869ACAB6A0D /* SourceCodePro-ExtraLightIt.otf */; };
		2D0AC5125C3D412CAF7459A9 /* SourceCodePro-It.otf in Resources */ = {isa = PBXBuildFile; fileRef = B3DCF24CEC1B414FA8EBAA75 /* SourceCodePro-It.otf */; };
		E448E885B3DF433D91B50A66 /* SourceCodePro-Light.otf in Resources */ = {isa = PBXBuildFile; fileRef = 79EA4954CB4541839E5298DB /* SourceCodePro-Light.otf */; };
		3CF1F9AA7DB4442782D713A3 /* SourceCodePro-LightIt.otf in Resources */ = {isa = PBXBuildFile; fileRef = 2671B1995B984127B94D9D6E /* SourceCodePro-LightIt.otf */; };
		7CB47C9572C045B38B79AF2E /* SourceCodePro-Medium.otf in Resources */ = {isa = PBXBuildFile; fileRef = 8FD31ECBBEBC442096752779 /* SourceCodePro-Medium.otf */; };
		D58AA5E94253498A8ADE0053 /* SourceCodePro-MediumIt.otf in Resources */ = {isa = PBXBuildFile; fileRef = 294162FAC49543B4B9AAF579 /* SourceCodePro-MediumIt.otf */; };
		92B6E218CB0A4ADC9091ED67 /* SourceCodePro-Regular.otf in Resources */ = {isa = PBXBuildFile; fileRef = C074044E9D1E4B7DA30EC55C /* SourceCodePro-Regular.otf */; };
		377C5DF3E5BC44A1A66CFAEC /* SourceCodePro-Semibold.otf in Resources */ = {isa = PBXBuildFile; fileRef = 22CDB8158DB94C099AF486F8 /* SourceCodePro-Semibold.otf */; };
		AA5CDB2878964249B9DB4551 /* SourceCodePro-SemiboldIt.otf in Resources */ = {isa = PBXBuildFile; fileRef = 5C30BF7013094F7E902D8070 /* SourceCodePro-SemiboldIt.otf */; };
		822CAB7F504B4A11B6659DE1 /* SourceSans3-Black.otf in Resources */ = {isa = PBXBuildFile; fileRef = D9D88AD6DC624E419AFB778F /* SourceSans3-Black.otf */; };
		A9F9C92E8AC842F28BD39443 /* SourceSans3-BlackIt.otf in Resources */ = {isa = PBXBuildFile; fileRef = F0E67C350F3E47D0B10D05BE /* SourceSans3-BlackIt.otf */; };
		1A7FB4D988724D8D9E88543B /* SourceSans3-Bold.otf in Resources */ = {isa = PBXBuildFile; fileRef = 33E37006F5104A8ABC4E53CC /* SourceSans3-Bold.otf */; };
		E2AEC242E6134A2389F5C64A /* SourceSans3-BoldIt.otf in Resources */ = {isa = PBXBuildFile; fileRef = 7C5E5B23467045C2AB597EDE /* SourceSans3-BoldIt.otf */; };
		992C519E41384D80854DE808 /* SourceSans3-ExtraLight.otf in Resources */ = {isa = PBXBuildFile; fileRef = 299B8DE5EB44451AA13D65A5 /* SourceSans3-ExtraLight.otf */; };
		7062169FD5164B8281A418DD /* SourceSans3-ExtraLightIt.otf in Resources */ = {isa = PBXBuildFile; fileRef = 7FFA28BF5661461BB6F4543A /* SourceSans3-ExtraLightIt.otf */; };
		9FFF7F0F11A149ACA04B2761 /* SourceSans3-It.otf in Resources */ = {isa = PBXBuildFile; fileRef = BEC627153BA648B0A9442D13 /* SourceSans3-It.otf */; };
		7B9CA07DDED9428DAE900C9F /* SourceSans3-Light.otf in Resources */ = {isa = PBXBuildFile; fileRef = 7CB8B547EBF6477DA686D1EA /* SourceSans3-Light.otf */; };
		05DB1D01C81A44608EF2EC90 /* SourceSans3-LightIt.otf in Resources */ = {isa = PBXBuildFile; fileRef = 9CF36AE0C4864A53B856E509 /* SourceSans3-LightIt.otf */; };
		DE3FA6434A8A4AEDADF4E5A3 /* SourceSans3-Regular.otf in Resources */ = {isa = PBXBuildFile; fileRef = 1A2D7C35D8534DA081B1D213 /* SourceSans3-Regular.otf */; };
		A371612F6A354412A898CA94 /* SourceSans3-Semibold.otf in Resources */ = {isa = PBXBuildFile; fileRef = FC9A4E6E5A2D48D39B179FF6 /* SourceSans3-Semibold.otf */; };
		3ED9F07275ED4CDFABEE9C71 /* SourceSans3-SemiboldIt.otf in Resources */ = {isa = PBXBuildFile; fileRef = 7D69E50FA4ED4F67BD7FA686 /* SourceSans3-SemiboldIt.otf */; };
		96E670DBA03D4DBF9B53971B /* LICENSE.md in Resources */ = {isa = PBXBuildFile; fileRef = 4B2299ABB2BE4F3EA712D668 /* LICENSE.md */; };
/* End PBXBuildFile section */

/* Begin PBXContainerItemProxy section */
		00E356F41AD99517003FC87E /* PBXContainerItemProxy */ = {
			isa = PBXContainerItemProxy;
			containerPortal = 83CBB9F71A601CBA00E9B192 /* Project object */;
			proxyType = 1;
			remoteGlobalIDString = 13B07F861A680F5B00A75B9A;
			remoteInfo = spacebar;
		};
/* End PBXContainerItemProxy section */

/* Begin PBXFileReference section */
		00E356EE1AD99517003FC87E /* spacebarTests.xctest */ = {isa = PBXFileReference; explicitFileType = wrapper.cfbundle; includeInIndex = 0; path = spacebarTests.xctest; sourceTree = BUILT_PRODUCTS_DIR; };
		00E356F11AD99517003FC87E /* Info.plist */ = {isa = PBXFileReference; lastKnownFileType = text.plist.xml; path = Info.plist; sourceTree = "<group>"; };
		00E356F21AD99517003FC87E /* spacebarTests.m */ = {isa = PBXFileReference; lastKnownFileType = sourcecode.c.objc; path = spacebarTests.m; sourceTree = "<group>"; };
		13B07F961A680F5B00A75B9A /* spacebar.app */ = {isa = PBXFileReference; explicitFileType = wrapper.application; includeInIndex = 0; path = spacebar.app; sourceTree = BUILT_PRODUCTS_DIR; };
		13B07FAF1A68108700A75B9A /* AppDelegate.h */ = {isa = PBXFileReference; fileEncoding = 4; lastKnownFileType = sourcecode.c.h; name = AppDelegate.h; path = spacebar/AppDelegate.h; sourceTree = "<group>"; };
		13B07FB01A68108700A75B9A /* AppDelegate.mm */ = {isa = PBXFileReference; fileEncoding = 4; lastKnownFileType = sourcecode.cpp.objcpp; name = AppDelegate.mm; path = spacebar/AppDelegate.mm; sourceTree = "<group>"; };
		13B07FB51A68108700A75B9A /* Images.xcassets */ = {isa = PBXFileReference; lastKnownFileType = folder.assetcatalog; name = Images.xcassets; path = spacebar/Images.xcassets; sourceTree = "<group>"; };
		13B07FB61A68108700A75B9A /* Info.plist */ = {isa = PBXFileReference; fileEncoding = 4; lastKnownFileType = text.plist.xml; name = Info.plist; path = spacebar/Info.plist; sourceTree = "<group>"; };
		13B07FB71A68108700A75B9A /* main.m */ = {isa = PBXFileReference; fileEncoding = 4; lastKnownFileType = sourcecode.c.objc; name = main.m; path = spacebar/main.m; sourceTree = "<group>"; };
		19F6CBCC0A4E27FBF8BF4A61 /* libPods-spacebar-spacebarTests.a */ = {isa = PBXFileReference; explicitFileType = archive.ar; includeInIndex = 0; path = "libPods-spacebar-spacebarTests.a"; sourceTree = BUILT_PRODUCTS_DIR; };
		3B4392A12AC88292D35C810B /* Pods-spacebar.debug.xcconfig */ = {isa = PBXFileReference; includeInIndex = 1; lastKnownFileType = text.xcconfig; name = "Pods-spacebar.debug.xcconfig"; path = "Target Support Files/Pods-spacebar/Pods-spacebar.debug.xcconfig"; sourceTree = "<group>"; };
		5709B34CF0A7D63546082F79 /* Pods-spacebar.release.xcconfig */ = {isa = PBXFileReference; includeInIndex = 1; lastKnownFileType = text.xcconfig; name = "Pods-spacebar.release.xcconfig"; path = "Target Support Files/Pods-spacebar/Pods-spacebar.release.xcconfig"; sourceTree = "<group>"; };
		5B7EB9410499542E8C5724F5 /* Pods-spacebar-spacebarTests.debug.xcconfig */ = {isa = PBXFileReference; includeInIndex = 1; lastKnownFileType = text.xcconfig; name = "Pods-spacebar-spacebarTests.debug.xcconfig"; path = "Target Support Files/Pods-spacebar-spacebarTests/Pods-spacebar-spacebarTests.debug.xcconfig"; sourceTree = "<group>"; };
		5DCACB8F33CDC322A6C60F78 /* libPods-spacebar.a */ = {isa = PBXFileReference; explicitFileType = archive.ar; includeInIndex = 0; path = "libPods-spacebar.a"; sourceTree = BUILT_PRODUCTS_DIR; };
		81AB9BB72411601600AC10FF /* LaunchScreen.storyboard */ = {isa = PBXFileReference; fileEncoding = 4; lastKnownFileType = file.storyboard; name = LaunchScreen.storyboard; path = spacebar/LaunchScreen.storyboard; sourceTree = "<group>"; };
		89C6BE57DB24E9ADA2F236DE /* Pods-spacebar-spacebarTests.release.xcconfig */ = {isa = PBXFileReference; includeInIndex = 1; lastKnownFileType = text.xcconfig; name = "Pods-spacebar-spacebarTests.release.xcconfig"; path = "Target Support Files/Pods-spacebar-spacebarTests/Pods-spacebar-spacebarTests.release.xcconfig"; sourceTree = "<group>"; };
		ED297162215061F000B7C4FE /* JavaScriptCore.framework */ = {isa = PBXFileReference; lastKnownFileType = wrapper.framework; name = JavaScriptCore.framework; path = System/Library/Frameworks/JavaScriptCore.framework; sourceTree = SDKROOT; };
		F0DC39FFD8E54360B71275C8 /* SourceCodePro-Black.otf */ = {isa = PBXFileReference; name = "SourceCodePro-Black.otf"; path = "../assets/fonts/SourceCodePro/SourceCodePro-Black.otf"; sourceTree = "<group>"; fileEncoding = undefined; lastKnownFileType = unknown; explicitFileType = undefined; includeInIndex = 0; };
		D0CD4F7C14734C8DB3F0DB3D /* SourceCodePro-BlackIt.otf */ = {isa = PBXFileReference; name = "SourceCodePro-BlackIt.otf"; path = "../assets/fonts/SourceCodePro/SourceCodePro-BlackIt.otf"; sourceTree = "<group>"; fileEncoding = undefined; lastKnownFileType = unknown; explicitFileType = undefined; includeInIndex = 0; };
		9F20360468AF4A7A89AB8664 /* SourceCodePro-Bold.otf */ = {isa = PBXFileReference; name = "SourceCodePro-Bold.otf"; path = "../assets/fonts/SourceCodePro/SourceCodePro-Bold.otf"; sourceTree = "<group>"; fileEncoding = undefined; lastKnownFileType = unknown; explicitFileType = undefined; includeInIndex = 0; };
		BC0E05C886DA414BAE43E891 /* SourceCodePro-BoldIt.otf */ = {isa = PBXFileReference; name = "SourceCodePro-BoldIt.otf"; path = "../assets/fonts/SourceCodePro/SourceCodePro-BoldIt.otf"; sourceTree = "<group>"; fileEncoding = undefined; lastKnownFileType = unknown; explicitFileType = undefined; includeInIndex = 0; };
		3E14031CFE734678950A7128 /* SourceCodePro-ExtraLight.otf */ = {isa = PBXFileReference; name = "SourceCodePro-ExtraLight.otf"; path = "../assets/fonts/SourceCodePro/SourceCodePro-ExtraLight.otf"; sourceTree = "<group>"; fileEncoding = undefined; lastKnownFileType = unknown; explicitFileType = undefined; includeInIndex = 0; };
		9E182432EB994869ACAB6A0D /* SourceCodePro-ExtraLightIt.otf */ = {isa = PBXFileReference; name = "SourceCodePro-ExtraLightIt.otf"; path = "../assets/fonts/SourceCodePro/SourceCodePro-ExtraLightIt.otf"; sourceTree = "<group>"; fileEncoding = undefined; lastKnownFileType = unknown; explicitFileType = undefined; includeInIndex = 0; };
		B3DCF24CEC1B414FA8EBAA75 /* SourceCodePro-It.otf */ = {isa = PBXFileReference; name = "SourceCodePro-It.otf"; path = "../assets/fonts/SourceCodePro/SourceCodePro-It.otf"; sourceTree = "<group>"; fileEncoding = undefined; lastKnownFileType = unknown; explicitFileType = undefined; includeInIndex = 0; };
		79EA4954CB4541839E5298DB /* SourceCodePro-Light.otf */ = {isa = PBXFileReference; name = "SourceCodePro-Light.otf"; path = "../assets/fonts/SourceCodePro/SourceCodePro-Light.otf"; sourceTree = "<group>"; fileEncoding = undefined; lastKnownFileType = unknown; explicitFileType = undefined; includeInIndex = 0; };
		2671B1995B984127B94D9D6E /* SourceCodePro-LightIt.otf */ = {isa = PBXFileReference; name = "SourceCodePro-LightIt.otf"; path = "../assets/fonts/SourceCodePro/SourceCodePro-LightIt.otf"; sourceTree = "<group>"; fileEncoding = undefined; lastKnownFileType = unknown; explicitFileType = undefined; includeInIndex = 0; };
		8FD31ECBBEBC442096752779 /* SourceCodePro-Medium.otf */ = {isa = PBXFileReference; name = "SourceCodePro-Medium.otf"; path = "../assets/fonts/SourceCodePro/SourceCodePro-Medium.otf"; sourceTree = "<group>"; fileEncoding = undefined; lastKnownFileType = unknown; explicitFileType = undefined; includeInIndex = 0; };
		294162FAC49543B4B9AAF579 /* SourceCodePro-MediumIt.otf */ = {isa = PBXFileReference; name = "SourceCodePro-MediumIt.otf"; path = "../assets/fonts/SourceCodePro/SourceCodePro-MediumIt.otf"; sourceTree = "<group>"; fileEncoding = undefined; lastKnownFileType = unknown; explicitFileType = undefined; includeInIndex = 0; };
		C074044E9D1E4B7DA30EC55C /* SourceCodePro-Regular.otf */ = {isa = PBXFileReference; name = "SourceCodePro-Regular.otf"; path = "../assets/fonts/SourceCodePro/SourceCodePro-Regular.otf"; sourceTree = "<group>"; fileEncoding = undefined; lastKnownFileType = unknown; explicitFileType = undefined; includeInIndex = 0; };
		22CDB8158DB94C099AF486F8 /* SourceCodePro-Semibold.otf */ = {isa = PBXFileReference; name = "SourceCodePro-Semibold.otf"; path = "../assets/fonts/SourceCodePro/SourceCodePro-Semibold.otf"; sourceTree = "<group>"; fileEncoding = undefined; lastKnownFileType = unknown; explicitFileType = undefined; includeInIndex = 0; };
		5C30BF7013094F7E902D8070 /* SourceCodePro-SemiboldIt.otf */ = {isa = PBXFileReference; name = "SourceCodePro-SemiboldIt.otf"; path = "../assets/fonts/SourceCodePro/SourceCodePro-SemiboldIt.otf"; sourceTree = "<group>"; fileEncoding = undefined; lastKnownFileType = unknown; explicitFileType = undefined; includeInIndex = 0; };
		D9D88AD6DC624E419AFB778F /* SourceSans3-Black.otf */ = {isa = PBXFileReference; name = "SourceSans3-Black.otf"; path = "../assets/fonts/SourceSans/SourceSans3-Black.otf"; sourceTree = "<group>"; fileEncoding = undefined; lastKnownFileType = unknown; explicitFileType = undefined; includeInIndex = 0; };
		F0E67C350F3E47D0B10D05BE /* SourceSans3-BlackIt.otf */ = {isa = PBXFileReference; name = "SourceSans3-BlackIt.otf"; path = "../assets/fonts/SourceSans/SourceSans3-BlackIt.otf"; sourceTree = "<group>"; fileEncoding = undefined; lastKnownFileType = unknown; explicitFileType = undefined; includeInIndex = 0; };
		33E37006F5104A8ABC4E53CC /* SourceSans3-Bold.otf */ = {isa = PBXFileReference; name = "SourceSans3-Bold.otf"; path = "../assets/fonts/SourceSans/SourceSans3-Bold.otf"; sourceTree = "<group>"; fileEncoding = undefined; lastKnownFileType = unknown; explicitFileType = undefined; includeInIndex = 0; };
		7C5E5B23467045C2AB597EDE /* SourceSans3-BoldIt.otf */ = {isa = PBXFileReference; name = "SourceSans3-BoldIt.otf"; path = "../assets/fonts/SourceSans/SourceSans3-BoldIt.otf"; sourceTree = "<group>"; fileEncoding = undefined; lastKnownFileType = unknown; explicitFileType = undefined; includeInIndex = 0; };
		299B8DE5EB44451AA13D65A5 /* SourceSans3-ExtraLight.otf */ = {isa = PBXFileReference; name = "SourceSans3-ExtraLight.otf"; path = "../assets/fonts/SourceSans/SourceSans3-ExtraLight.otf"; sourceTree = "<group>"; fileEncoding = undefined; lastKnownFileType = unknown; explicitFileType = undefined; includeInIndex = 0; };
		7FFA28BF5661461BB6F4543A /* SourceSans3-ExtraLightIt.otf */ = {isa = PBXFileReference; name = "SourceSans3-ExtraLightIt.otf"; path = "../assets/fonts/SourceSans/SourceSans3-ExtraLightIt.otf"; sourceTree = "<group>"; fileEncoding = undefined; lastKnownFileType = unknown; explicitFileType = undefined; includeInIndex = 0; };
		BEC627153BA648B0A9442D13 /* SourceSans3-It.otf */ = {isa = PBXFileReference; name = "SourceSans3-It.otf"; path = "../assets/fonts/SourceSans/SourceSans3-It.otf"; sourceTree = "<group>"; fileEncoding = undefined; lastKnownFileType = unknown; explicitFileType = undefined; includeInIndex = 0; };
		7CB8B547EBF6477DA686D1EA /* SourceSans3-Light.otf */ = {isa = PBXFileReference; name = "SourceSans3-Light.otf"; path = "../assets/fonts/SourceSans/SourceSans3-Light.otf"; sourceTree = "<group>"; fileEncoding = undefined; lastKnownFileType = unknown; explicitFileType = undefined; includeInIndex = 0; };
		9CF36AE0C4864A53B856E509 /* SourceSans3-LightIt.otf */ = {isa = PBXFileReference; name = "SourceSans3-LightIt.otf"; path = "../assets/fonts/SourceSans/SourceSans3-LightIt.otf"; sourceTree = "<group>"; fileEncoding = undefined; lastKnownFileType = unknown; explicitFileType = undefined; includeInIndex = 0; };
		1A2D7C35D8534DA081B1D213 /* SourceSans3-Regular.otf */ = {isa = PBXFileReference; name = "SourceSans3-Regular.otf"; path = "../assets/fonts/SourceSans/SourceSans3-Regular.otf"; sourceTree = "<group>"; fileEncoding = undefined; lastKnownFileType = unknown; explicitFileType = undefined; includeInIndex = 0; };
		FC9A4E6E5A2D48D39B179FF6 /* SourceSans3-Semibold.otf */ = {isa = PBXFileReference; name = "SourceSans3-Semibold.otf"; path = "../assets/fonts/SourceSans/SourceSans3-Semibold.otf"; sourceTree = "<group>"; fileEncoding = undefined; lastKnownFileType = unknown; explicitFileType = undefined; includeInIndex = 0; };
		7D69E50FA4ED4F67BD7FA686 /* SourceSans3-SemiboldIt.otf */ = {isa = PBXFileReference; name = "SourceSans3-SemiboldIt.otf"; path = "../assets/fonts/SourceSans/SourceSans3-SemiboldIt.otf"; sourceTree = "<group>"; fileEncoding = undefined; lastKnownFileType = unknown; explicitFileType = undefined; includeInIndex = 0; };
		4B2299ABB2BE4F3EA712D668 /* LICENSE.md */ = {isa = PBXFileReference; name = "LICENSE.md"; path = "../assets/fonts/SourceCodePro/LICENSE.md"; sourceTree = "<group>"; fileEncoding = undefined; lastKnownFileType = unknown; explicitFileType = undefined; includeInIndex = 0; };
/* End PBXFileReference section */

/* Begin PBXFrameworksBuildPhase section */
		00E356EB1AD99517003FC87E /* Frameworks */ = {
			isa = PBXFrameworksBuildPhase;
			buildActionMask = 2147483647;
			files = (
				7699B88040F8A987B510C191 /* libPods-spacebar-spacebarTests.a in Frameworks */,
			);
			runOnlyForDeploymentPostprocessing = 0;
		};
		13B07F8C1A680F5B00A75B9A /* Frameworks */ = {
			isa = PBXFrameworksBuildPhase;
			buildActionMask = 2147483647;
			files = (
				0C80B921A6F3F58F76C31292 /* libPods-spacebar.a in Frameworks */,
			);
			runOnlyForDeploymentPostprocessing = 0;
		};
/* End PBXFrameworksBuildPhase section */

/* Begin PBXGroup section */
		00E356EF1AD99517003FC87E /* spacebarTests */ = {
			isa = PBXGroup;
			children = (
				00E356F21AD99517003FC87E /* spacebarTests.m */,
				00E356F01AD99517003FC87E /* Supporting Files */,
			);
			path = spacebarTests;
			sourceTree = "<group>";
		};
		00E356F01AD99517003FC87E /* Supporting Files */ = {
			isa = PBXGroup;
			children = (
				00E356F11AD99517003FC87E /* Info.plist */,
			);
			name = "Supporting Files";
			sourceTree = "<group>";
		};
		13B07FAE1A68108700A75B9A /* spacebar */ = {
			isa = PBXGroup;
			children = (
				13B07FAF1A68108700A75B9A /* AppDelegate.h */,
				13B07FB01A68108700A75B9A /* AppDelegate.mm */,
				13B07FB51A68108700A75B9A /* Images.xcassets */,
				13B07FB61A68108700A75B9A /* Info.plist */,
				81AB9BB72411601600AC10FF /* LaunchScreen.storyboard */,
				13B07FB71A68108700A75B9A /* main.m */,
			);
			name = spacebar;
			sourceTree = "<group>";
		};
		2D16E6871FA4F8E400B85C8A /* Frameworks */ = {
			isa = PBXGroup;
			children = (
				ED297162215061F000B7C4FE /* JavaScriptCore.framework */,
				5DCACB8F33CDC322A6C60F78 /* libPods-spacebar.a */,
				19F6CBCC0A4E27FBF8BF4A61 /* libPods-spacebar-spacebarTests.a */,
			);
			name = Frameworks;
			sourceTree = "<group>";
		};
		832341AE1AAA6A7D00B99B32 /* Libraries */ = {
			isa = PBXGroup;
			children = (
			);
			name = Libraries;
			sourceTree = "<group>";
		};
		83CBB9F61A601CBA00E9B192 = {
			isa = PBXGroup;
			children = (
				13B07FAE1A68108700A75B9A /* spacebar */,
				832341AE1AAA6A7D00B99B32 /* Libraries */,
				00E356EF1AD99517003FC87E /* spacebarTests */,
				83CBBA001A601CBA00E9B192 /* Products */,
				2D16E6871FA4F8E400B85C8A /* Frameworks */,
				BBD78D7AC51CEA395F1C20DB /* Pods */,
				0F9534F696CF4199A4B816C8 /* Resources */,
			);
			indentWidth = 2;
			sourceTree = "<group>";
			tabWidth = 2;
			usesTabs = 0;
		};
		83CBBA001A601CBA00E9B192 /* Products */ = {
			isa = PBXGroup;
			children = (
				13B07F961A680F5B00A75B9A /* spacebar.app */,
				00E356EE1AD99517003FC87E /* spacebarTests.xctest */,
			);
			name = Products;
			sourceTree = "<group>";
		};
		BBD78D7AC51CEA395F1C20DB /* Pods */ = {
			isa = PBXGroup;
			children = (
				3B4392A12AC88292D35C810B /* Pods-spacebar.debug.xcconfig */,
				5709B34CF0A7D63546082F79 /* Pods-spacebar.release.xcconfig */,
				5B7EB9410499542E8C5724F5 /* Pods-spacebar-spacebarTests.debug.xcconfig */,
				89C6BE57DB24E9ADA2F236DE /* Pods-spacebar-spacebarTests.release.xcconfig */,
			);
			path = Pods;
			sourceTree = "<group>";
		};
		0F9534F696CF4199A4B816C8 /* Resources */ = {
			isa = "PBXGroup";
			children = (
				F0DC39FFD8E54360B71275C8 /* SourceCodePro-Black.otf */,
				D0CD4F7C14734C8DB3F0DB3D /* SourceCodePro-BlackIt.otf */,
				9F20360468AF4A7A89AB8664 /* SourceCodePro-Bold.otf */,
				BC0E05C886DA414BAE43E891 /* SourceCodePro-BoldIt.otf */,
				3E14031CFE734678950A7128 /* SourceCodePro-ExtraLight.otf */,
				9E182432EB994869ACAB6A0D /* SourceCodePro-ExtraLightIt.otf */,
				B3DCF24CEC1B414FA8EBAA75 /* SourceCodePro-It.otf */,
				79EA4954CB4541839E5298DB /* SourceCodePro-Light.otf */,
				2671B1995B984127B94D9D6E /* SourceCodePro-LightIt.otf */,
				8FD31ECBBEBC442096752779 /* SourceCodePro-Medium.otf */,
				294162FAC49543B4B9AAF579 /* SourceCodePro-MediumIt.otf */,
				C074044E9D1E4B7DA30EC55C /* SourceCodePro-Regular.otf */,
				22CDB8158DB94C099AF486F8 /* SourceCodePro-Semibold.otf */,
				5C30BF7013094F7E902D8070 /* SourceCodePro-SemiboldIt.otf */,
				D9D88AD6DC624E419AFB778F /* SourceSans3-Black.otf */,
				F0E67C350F3E47D0B10D05BE /* SourceSans3-BlackIt.otf */,
				33E37006F5104A8ABC4E53CC /* SourceSans3-Bold.otf */,
				7C5E5B23467045C2AB597EDE /* SourceSans3-BoldIt.otf */,
				299B8DE5EB44451AA13D65A5 /* SourceSans3-ExtraLight.otf */,
				7FFA28BF5661461BB6F4543A /* SourceSans3-ExtraLightIt.otf */,
				BEC627153BA648B0A9442D13 /* SourceSans3-It.otf */,
				7CB8B547EBF6477DA686D1EA /* SourceSans3-Light.otf */,
				9CF36AE0C4864A53B856E509 /* SourceSans3-LightIt.otf */,
				1A2D7C35D8534DA081B1D213 /* SourceSans3-Regular.otf */,
				FC9A4E6E5A2D48D39B179FF6 /* SourceSans3-Semibold.otf */,
				7D69E50FA4ED4F67BD7FA686 /* SourceSans3-SemiboldIt.otf */,
				4B2299ABB2BE4F3EA712D668 /* LICENSE.md */,
			);
			name = Resources;
			sourceTree = "<group>";
			path = "";
		};
/* End PBXGroup section */

/* Begin PBXNativeTarget section */
		00E356ED1AD99517003FC87E /* spacebarTests */ = {
			isa = PBXNativeTarget;
			buildConfigurationList = 00E357021AD99517003FC87E /* Build configuration list for PBXNativeTarget "spacebarTests" */;
			buildPhases = (
				A55EABD7B0C7F3A422A6CC61 /* [CP] Check Pods Manifest.lock */,
				00E356EA1AD99517003FC87E /* Sources */,
				00E356EB1AD99517003FC87E /* Frameworks */,
				00E356EC1AD99517003FC87E /* Resources */,
				C59DA0FBD6956966B86A3779 /* [CP] Embed Pods Frameworks */,
				F6A41C54EA430FDDC6A6ED99 /* [CP] Copy Pods Resources */,
			);
			buildRules = (
			);
			dependencies = (
				00E356F51AD99517003FC87E /* PBXTargetDependency */,
			);
			name = spacebarTests;
			productName = spacebarTests;
			productReference = 00E356EE1AD99517003FC87E /* spacebarTests.xctest */;
			productType = "com.apple.product-type.bundle.unit-test";
		};
		13B07F861A680F5B00A75B9A /* spacebar */ = {
			isa = PBXNativeTarget;
			buildConfigurationList = 13B07F931A680F5B00A75B9A /* Build configuration list for PBXNativeTarget "spacebar" */;
			buildPhases = (
				C38B50BA6285516D6DCD4F65 /* [CP] Check Pods Manifest.lock */,
				FD10A7F022414F080027D42C /* Start Packager */,
				13B07F871A680F5B00A75B9A /* Sources */,
				13B07F8C1A680F5B00A75B9A /* Frameworks */,
				13B07F8E1A680F5B00A75B9A /* Resources */,
				00DD1BFF1BD5951E006B06BC /* Bundle React Native code and images */,
				00EEFC60759A1932668264C0 /* [CP] Embed Pods Frameworks */,
				E235C05ADACE081382539298 /* [CP] Copy Pods Resources */,
			);
			buildRules = (
			);
			dependencies = (
			);
			name = spacebar;
			productName = spacebar;
			productReference = 13B07F961A680F5B00A75B9A /* spacebar.app */;
			productType = "com.apple.product-type.application";
		};
/* End PBXNativeTarget section */

/* Begin PBXProject section */
		83CBB9F71A601CBA00E9B192 /* Project object */ = {
			isa = PBXProject;
			attributes = {
				LastUpgradeCheck = 1210;
				TargetAttributes = {
					00E356ED1AD99517003FC87E = {
						CreatedOnToolsVersion = 6.2;
						TestTargetID = 13B07F861A680F5B00A75B9A;
					};
					13B07F861A680F5B00A75B9A = {
						LastSwiftMigration = 1120;
					};
				};
			};
			buildConfigurationList = 83CBB9FA1A601CBA00E9B192 /* Build configuration list for PBXProject "spacebar" */;
			compatibilityVersion = "Xcode 12.0";
			developmentRegion = en;
			hasScannedForEncodings = 0;
			knownRegions = (
				en,
				Base,
			);
			mainGroup = 83CBB9F61A601CBA00E9B192;
			productRefGroup = 83CBBA001A601CBA00E9B192 /* Products */;
			projectDirPath = "";
			projectRoot = "";
			targets = (
				13B07F861A680F5B00A75B9A /* spacebar */,
				00E356ED1AD99517003FC87E /* spacebarTests */,
			);
		};
/* End PBXProject section */

/* Begin PBXResourcesBuildPhase section */
		00E356EC1AD99517003FC87E /* Resources */ = {
			isa = PBXResourcesBuildPhase;
			buildActionMask = 2147483647;
			files = (
			);
			runOnlyForDeploymentPostprocessing = 0;
		};
		13B07F8E1A680F5B00A75B9A /* Resources */ = {
			isa = PBXResourcesBuildPhase;
			buildActionMask = 2147483647;
			files = (
				81AB9BB82411601600AC10FF /* LaunchScreen.storyboard in Resources */,
				13B07FBF1A68108700A75B9A /* Images.xcassets in Resources */,
				DF070125C4C54BEE98332045 /* SourceCodePro-Black.otf in Resources */,
				F5F54FFBA2F34066BAD45492 /* SourceCodePro-BlackIt.otf in Resources */,
				7BC32F32705E43F3A3457333 /* SourceCodePro-Bold.otf in Resources */,
				C88C6B8470D34E9981AD1974 /* SourceCodePro-BoldIt.otf in Resources */,
				2940B123546B47CEABB17651 /* SourceCodePro-ExtraLight.otf in Resources */,
				4AAD4055C42B49BAAA36C170 /* SourceCodePro-ExtraLightIt.otf in Resources */,
				2D0AC5125C3D412CAF7459A9 /* SourceCodePro-It.otf in Resources */,
				E448E885B3DF433D91B50A66 /* SourceCodePro-Light.otf in Resources */,
				3CF1F9AA7DB4442782D713A3 /* SourceCodePro-LightIt.otf in Resources */,
				7CB47C9572C045B38B79AF2E /* SourceCodePro-Medium.otf in Resources */,
				D58AA5E94253498A8ADE0053 /* SourceCodePro-MediumIt.otf in Resources */,
				92B6E218CB0A4ADC9091ED67 /* SourceCodePro-Regular.otf in Resources */,
				377C5DF3E5BC44A1A66CFAEC /* SourceCodePro-Semibold.otf in Resources */,
				AA5CDB2878964249B9DB4551 /* SourceCodePro-SemiboldIt.otf in Resources */,
				822CAB7F504B4A11B6659DE1 /* SourceSans3-Black.otf in Resources */,
				A9F9C92E8AC842F28BD39443 /* SourceSans3-BlackIt.otf in Resources */,
				1A7FB4D988724D8D9E88543B /* SourceSans3-Bold.otf in Resources */,
				E2AEC242E6134A2389F5C64A /* SourceSans3-BoldIt.otf in Resources */,
				992C519E41384D80854DE808 /* SourceSans3-ExtraLight.otf in Resources */,
				7062169FD5164B8281A418DD /* SourceSans3-ExtraLightIt.otf in Resources */,
				9FFF7F0F11A149ACA04B2761 /* SourceSans3-It.otf in Resources */,
				7B9CA07DDED9428DAE900C9F /* SourceSans3-Light.otf in Resources */,
				05DB1D01C81A44608EF2EC90 /* SourceSans3-LightIt.otf in Resources */,
				DE3FA6434A8A4AEDADF4E5A3 /* SourceSans3-Regular.otf in Resources */,
				A371612F6A354412A898CA94 /* SourceSans3-Semibold.otf in Resources */,
				3ED9F07275ED4CDFABEE9C71 /* SourceSans3-SemiboldIt.otf in Resources */,
				96E670DBA03D4DBF9B53971B /* LICENSE.md in Resources */,
			);
			runOnlyForDeploymentPostprocessing = 0;
		};
/* End PBXResourcesBuildPhase section */

/* Begin PBXShellScriptBuildPhase section */
		00DD1BFF1BD5951E006B06BC /* Bundle React Native code and images */ = {
			isa = PBXShellScriptBuildPhase;
			buildActionMask = 2147483647;
			files = (
			);
			inputPaths = (
				"$(SRCROOT)/.xcode.env.local",
				"$(SRCROOT)/.xcode.env",
			);
			name = "Bundle React Native code and images";
			outputPaths = (
			);
			runOnlyForDeploymentPostprocessing = 0;
			shellPath = /bin/sh;
			shellScript = "set -e\n\nWITH_ENVIRONMENT=\"../node_modules/react-native/scripts/xcode/with-environment.sh\"\nREACT_NATIVE_XCODE=\"../node_modules/react-native/scripts/react-native-xcode.sh\"\n\n/bin/sh -c \"$WITH_ENVIRONMENT $REACT_NATIVE_XCODE\"\n";
		};
		00EEFC60759A1932668264C0 /* [CP] Embed Pods Frameworks */ = {
			isa = PBXShellScriptBuildPhase;
			buildActionMask = 2147483647;
			files = (
			);
			inputFileListPaths = (
				"${PODS_ROOT}/Target Support Files/Pods-spacebar/Pods-spacebar-frameworks-${CONFIGURATION}-input-files.xcfilelist",
			);
			name = "[CP] Embed Pods Frameworks";
			outputFileListPaths = (
				"${PODS_ROOT}/Target Support Files/Pods-spacebar/Pods-spacebar-frameworks-${CONFIGURATION}-output-files.xcfilelist",
			);
			runOnlyForDeploymentPostprocessing = 0;
			shellPath = /bin/sh;
			shellScript = "\"${PODS_ROOT}/Target Support Files/Pods-spacebar/Pods-spacebar-frameworks.sh\"\n";
			showEnvVarsInLog = 0;
		};
		A55EABD7B0C7F3A422A6CC61 /* [CP] Check Pods Manifest.lock */ = {
			isa = PBXShellScriptBuildPhase;
			buildActionMask = 2147483647;
			files = (
			);
			inputFileListPaths = (
			);
			inputPaths = (
				"${PODS_PODFILE_DIR_PATH}/Podfile.lock",
				"${PODS_ROOT}/Manifest.lock",
			);
			name = "[CP] Check Pods Manifest.lock";
			outputFileListPaths = (
			);
			outputPaths = (
				"$(DERIVED_FILE_DIR)/Pods-spacebar-spacebarTests-checkManifestLockResult.txt",
			);
			runOnlyForDeploymentPostprocessing = 0;
			shellPath = /bin/sh;
			shellScript = "diff \"${PODS_PODFILE_DIR_PATH}/Podfile.lock\" \"${PODS_ROOT}/Manifest.lock\" > /dev/null\nif [ $? != 0 ] ; then\n    # print error to STDERR\n    echo \"error: The sandbox is not in sync with the Podfile.lock. Run 'pod install' or update your CocoaPods installation.\" >&2\n    exit 1\nfi\n# This output is used by Xcode 'outputs' to avoid re-running this script phase.\necho \"SUCCESS\" > \"${SCRIPT_OUTPUT_FILE_0}\"\n";
			showEnvVarsInLog = 0;
		};
		C38B50BA6285516D6DCD4F65 /* [CP] Check Pods Manifest.lock */ = {
			isa = PBXShellScriptBuildPhase;
			buildActionMask = 2147483647;
			files = (
			);
			inputFileListPaths = (
			);
			inputPaths = (
				"${PODS_PODFILE_DIR_PATH}/Podfile.lock",
				"${PODS_ROOT}/Manifest.lock",
			);
			name = "[CP] Check Pods Manifest.lock";
			outputFileListPaths = (
			);
			outputPaths = (
				"$(DERIVED_FILE_DIR)/Pods-spacebar-checkManifestLockResult.txt",
			);
			runOnlyForDeploymentPostprocessing = 0;
			shellPath = /bin/sh;
			shellScript = "diff \"${PODS_PODFILE_DIR_PATH}/Podfile.lock\" \"${PODS_ROOT}/Manifest.lock\" > /dev/null\nif [ $? != 0 ] ; then\n    # print error to STDERR\n    echo \"error: The sandbox is not in sync with the Podfile.lock. Run 'pod install' or update your CocoaPods installation.\" >&2\n    exit 1\nfi\n# This output is used by Xcode 'outputs' to avoid re-running this script phase.\necho \"SUCCESS\" > \"${SCRIPT_OUTPUT_FILE_0}\"\n";
			showEnvVarsInLog = 0;
		};
		C59DA0FBD6956966B86A3779 /* [CP] Embed Pods Frameworks */ = {
			isa = PBXShellScriptBuildPhase;
			buildActionMask = 2147483647;
			files = (
			);
			inputFileListPaths = (
				"${PODS_ROOT}/Target Support Files/Pods-spacebar-spacebarTests/Pods-spacebar-spacebarTests-frameworks-${CONFIGURATION}-input-files.xcfilelist",
			);
			name = "[CP] Embed Pods Frameworks";
			outputFileListPaths = (
				"${PODS_ROOT}/Target Support Files/Pods-spacebar-spacebarTests/Pods-spacebar-spacebarTests-frameworks-${CONFIGURATION}-output-files.xcfilelist",
			);
			runOnlyForDeploymentPostprocessing = 0;
			shellPath = /bin/sh;
			shellScript = "\"${PODS_ROOT}/Target Support Files/Pods-spacebar-spacebarTests/Pods-spacebar-spacebarTests-frameworks.sh\"\n";
			showEnvVarsInLog = 0;
		};
		E235C05ADACE081382539298 /* [CP] Copy Pods Resources */ = {
			isa = PBXShellScriptBuildPhase;
			buildActionMask = 2147483647;
			files = (
			);
			inputFileListPaths = (
				"${PODS_ROOT}/Target Support Files/Pods-spacebar/Pods-spacebar-resources-${CONFIGURATION}-input-files.xcfilelist",
			);
			name = "[CP] Copy Pods Resources";
			outputFileListPaths = (
				"${PODS_ROOT}/Target Support Files/Pods-spacebar/Pods-spacebar-resources-${CONFIGURATION}-output-files.xcfilelist",
			);
			runOnlyForDeploymentPostprocessing = 0;
			shellPath = /bin/sh;
			shellScript = "\"${PODS_ROOT}/Target Support Files/Pods-spacebar/Pods-spacebar-resources.sh\"\n";
			showEnvVarsInLog = 0;
		};
		F6A41C54EA430FDDC6A6ED99 /* [CP] Copy Pods Resources */ = {
			isa = PBXShellScriptBuildPhase;
			buildActionMask = 2147483647;
			files = (
			);
			inputFileListPaths = (
				"${PODS_ROOT}/Target Support Files/Pods-spacebar-spacebarTests/Pods-spacebar-spacebarTests-resources-${CONFIGURATION}-input-files.xcfilelist",
			);
			name = "[CP] Copy Pods Resources";
			outputFileListPaths = (
				"${PODS_ROOT}/Target Support Files/Pods-spacebar-spacebarTests/Pods-spacebar-spacebarTests-resources-${CONFIGURATION}-output-files.xcfilelist",
			);
			runOnlyForDeploymentPostprocessing = 0;
			shellPath = /bin/sh;
			shellScript = "\"${PODS_ROOT}/Target Support Files/Pods-spacebar-spacebarTests/Pods-spacebar-spacebarTests-resources.sh\"\n";
			showEnvVarsInLog = 0;
		};
		FD10A7F022414F080027D42C /* Start Packager */ = {
			isa = PBXShellScriptBuildPhase;
			buildActionMask = 2147483647;
			files = (
			);
			inputFileListPaths = (
			);
			inputPaths = (
			);
			name = "Start Packager";
			outputFileListPaths = (
			);
			outputPaths = (
			);
			runOnlyForDeploymentPostprocessing = 0;
			shellPath = /bin/sh;
			shellScript = "export RCT_METRO_PORT=\"${RCT_METRO_PORT:=8081}\"\necho \"export RCT_METRO_PORT=${RCT_METRO_PORT}\" > \"${SRCROOT}/../node_modules/react-native/scripts/.packager.env\"\nif [ -z \"${RCT_NO_LAUNCH_PACKAGER+xxx}\" ] ; then\n  if nc -w 5 -z localhost ${RCT_METRO_PORT} ; then\n    if ! curl -s \"http://localhost:${RCT_METRO_PORT}/status\" | grep -q \"packager-status:running\" ; then\n      echo \"Port ${RCT_METRO_PORT} already in use, packager is either not running or not running correctly\"\n      exit 2\n    fi\n  else\n    open \"$SRCROOT/../node_modules/react-native/scripts/launchPackager.command\" || echo \"Can't start packager automatically\"\n  fi\nfi\n";
			showEnvVarsInLog = 0;
		};
/* End PBXShellScriptBuildPhase section */

/* Begin PBXSourcesBuildPhase section */
		00E356EA1AD99517003FC87E /* Sources */ = {
			isa = PBXSourcesBuildPhase;
			buildActionMask = 2147483647;
			files = (
				00E356F31AD99517003FC87E /* spacebarTests.m in Sources */,
			);
			runOnlyForDeploymentPostprocessing = 0;
		};
		13B07F871A680F5B00A75B9A /* Sources */ = {
			isa = PBXSourcesBuildPhase;
			buildActionMask = 2147483647;
			files = (
				13B07FBC1A68108700A75B9A /* AppDelegate.mm in Sources */,
				13B07FC11A68108700A75B9A /* main.m in Sources */,
			);
			runOnlyForDeploymentPostprocessing = 0;
		};
/* End PBXSourcesBuildPhase section */

/* Begin PBXTargetDependency section */
		00E356F51AD99517003FC87E /* PBXTargetDependency */ = {
			isa = PBXTargetDependency;
			target = 13B07F861A680F5B00A75B9A /* spacebar */;
			targetProxy = 00E356F41AD99517003FC87E /* PBXContainerItemProxy */;
		};
/* End PBXTargetDependency section */

/* Begin XCBuildConfiguration section */
		00E356F61AD99517003FC87E /* Debug */ = {
			isa = XCBuildConfiguration;
			baseConfigurationReference = 5B7EB9410499542E8C5724F5 /* Pods-spacebar-spacebarTests.debug.xcconfig */;
			buildSettings = {
				BUNDLE_LOADER = "$(TEST_HOST)";
				GCC_PREPROCESSOR_DEFINITIONS = (
					"DEBUG=1",
					"$(inherited)",
				);
				INFOPLIST_FILE = spacebarTests/Info.plist;
				IPHONEOS_DEPLOYMENT_TARGET = 12.4;
				LD_RUNPATH_SEARCH_PATHS = (
					"$(inherited)",
					"@executable_path/Frameworks",
					"@loader_path/Frameworks",
				);
				OTHER_LDFLAGS = (
					"-ObjC",
					"-lc++",
					"$(inherited)",
				);
				PRODUCT_BUNDLE_IDENTIFIER = "org.reactjs.native.example.$(PRODUCT_NAME:rfc1034identifier)";
				PRODUCT_NAME = "$(TARGET_NAME)";
				TEST_HOST = "$(BUILT_PRODUCTS_DIR)/spacebar.app/spacebar";
			};
			name = Debug;
		};
		00E356F71AD99517003FC87E /* Release */ = {
			isa = XCBuildConfiguration;
			baseConfigurationReference = 89C6BE57DB24E9ADA2F236DE /* Pods-spacebar-spacebarTests.release.xcconfig */;
			buildSettings = {
				BUNDLE_LOADER = "$(TEST_HOST)";
				COPY_PHASE_STRIP = NO;
				INFOPLIST_FILE = spacebarTests/Info.plist;
				IPHONEOS_DEPLOYMENT_TARGET = 12.4;
				LD_RUNPATH_SEARCH_PATHS = (
					"$(inherited)",
					"@executable_path/Frameworks",
					"@loader_path/Frameworks",
				);
				OTHER_LDFLAGS = (
					"-ObjC",
					"-lc++",
					"$(inherited)",
				);
				PRODUCT_BUNDLE_IDENTIFIER = "org.reactjs.native.example.$(PRODUCT_NAME:rfc1034identifier)";
				PRODUCT_NAME = "$(TARGET_NAME)";
				TEST_HOST = "$(BUILT_PRODUCTS_DIR)/spacebar.app/spacebar";
			};
			name = Release;
		};
		13B07F941A680F5B00A75B9A /* Debug */ = {
			isa = XCBuildConfiguration;
			baseConfigurationReference = 3B4392A12AC88292D35C810B /* Pods-spacebar.debug.xcconfig */;
			buildSettings = {
				ASSETCATALOG_COMPILER_APPICON_NAME = AppIcon;
				CLANG_ENABLE_MODULES = YES;
				CURRENT_PROJECT_VERSION = 1;
				ENABLE_BITCODE = NO;
				INFOPLIST_FILE = spacebar/Info.plist;
				LD_RUNPATH_SEARCH_PATHS = (
					"$(inherited)",
					"@executable_path/Frameworks",
				);
				MARKETING_VERSION = 1.0;
				OTHER_LDFLAGS = (
					"$(inherited)",
					"-ObjC",
					"-lc++",
				);
				PRODUCT_BUNDLE_IDENTIFIER = "org.reactjs.native.example.$(PRODUCT_NAME:rfc1034identifier)";
				PRODUCT_NAME = spacebar;
				SWIFT_OPTIMIZATION_LEVEL = "-Onone";
				SWIFT_VERSION = 5.0;
				VERSIONING_SYSTEM = "apple-generic";
			};
			name = Debug;
		};
		13B07F951A680F5B00A75B9A /* Release */ = {
			isa = XCBuildConfiguration;
			baseConfigurationReference = 5709B34CF0A7D63546082F79 /* Pods-spacebar.release.xcconfig */;
			buildSettings = {
				ASSETCATALOG_COMPILER_APPICON_NAME = AppIcon;
				CLANG_ENABLE_MODULES = YES;
				CURRENT_PROJECT_VERSION = 1;
				INFOPLIST_FILE = spacebar/Info.plist;
				LD_RUNPATH_SEARCH_PATHS = (
					"$(inherited)",
					"@executable_path/Frameworks",
				);
				MARKETING_VERSION = 1.0;
				OTHER_LDFLAGS = (
					"$(inherited)",
					"-ObjC",
					"-lc++",
				);
				PRODUCT_BUNDLE_IDENTIFIER = "org.reactjs.native.example.$(PRODUCT_NAME:rfc1034identifier)";
				PRODUCT_NAME = spacebar;
				SWIFT_VERSION = 5.0;
				VERSIONING_SYSTEM = "apple-generic";
			};
			name = Release;
		};
		83CBBA201A601CBA00E9B192 /* Debug */ = {
			isa = XCBuildConfiguration;
			buildSettings = {
				ALWAYS_SEARCH_USER_PATHS = NO;
				CLANG_ANALYZER_LOCALIZABILITY_NONLOCALIZED = YES;
				CLANG_CXX_LANGUAGE_STANDARD = "c++17";
				CLANG_CXX_LIBRARY = "libc++";
				CLANG_ENABLE_MODULES = YES;
				CLANG_ENABLE_OBJC_ARC = YES;
				CLANG_WARN_BLOCK_CAPTURE_AUTORELEASING = YES;
				CLANG_WARN_BOOL_CONVERSION = YES;
				CLANG_WARN_COMMA = YES;
				CLANG_WARN_CONSTANT_CONVERSION = YES;
				CLANG_WARN_DEPRECATED_OBJC_IMPLEMENTATIONS = YES;
				CLANG_WARN_DIRECT_OBJC_ISA_USAGE = YES_ERROR;
				CLANG_WARN_EMPTY_BODY = YES;
				CLANG_WARN_ENUM_CONVERSION = YES;
				CLANG_WARN_INFINITE_RECURSION = YES;
				CLANG_WARN_INT_CONVERSION = YES;
				CLANG_WARN_NON_LITERAL_NULL_CONVERSION = YES;
				CLANG_WARN_OBJC_IMPLICIT_RETAIN_SELF = YES;
				CLANG_WARN_OBJC_LITERAL_CONVERSION = YES;
				CLANG_WARN_OBJC_ROOT_CLASS = YES_ERROR;
				CLANG_WARN_QUOTED_INCLUDE_IN_FRAMEWORK_HEADER = YES;
				CLANG_WARN_RANGE_LOOP_ANALYSIS = YES;
				CLANG_WARN_STRICT_PROTOTYPES = YES;
				CLANG_WARN_SUSPICIOUS_MOVE = YES;
				CLANG_WARN_UNREACHABLE_CODE = YES;
				CLANG_WARN__DUPLICATE_METHOD_MATCH = YES;
				"CODE_SIGN_IDENTITY[sdk=iphoneos*]" = "iPhone Developer";
				COPY_PHASE_STRIP = NO;
				ENABLE_STRICT_OBJC_MSGSEND = YES;
				ENABLE_TESTABILITY = YES;
				"EXCLUDED_ARCHS[sdk=iphonesimulator*]" = "";
				GCC_C_LANGUAGE_STANDARD = gnu99;
				GCC_DYNAMIC_NO_PIC = NO;
				GCC_NO_COMMON_BLOCKS = YES;
				GCC_OPTIMIZATION_LEVEL = 0;
				GCC_PREPROCESSOR_DEFINITIONS = (
					"DEBUG=1",
					"$(inherited)",
				);
				GCC_SYMBOLS_PRIVATE_EXTERN = NO;
				GCC_WARN_64_TO_32_BIT_CONVERSION = YES;
				GCC_WARN_ABOUT_RETURN_TYPE = YES_ERROR;
				GCC_WARN_UNDECLARED_SELECTOR = YES;
				GCC_WARN_UNINITIALIZED_AUTOS = YES_AGGRESSIVE;
				GCC_WARN_UNUSED_FUNCTION = YES;
				GCC_WARN_UNUSED_VARIABLE = YES;
				IPHONEOS_DEPLOYMENT_TARGET = 12.4;
				LD_RUNPATH_SEARCH_PATHS = (
					/usr/lib/swift,
					"$(inherited)",
				);
				LIBRARY_SEARCH_PATHS = (
					"\"$(SDKROOT)/usr/lib/swift\"",
					"\"$(TOOLCHAIN_DIR)/usr/lib/swift/$(PLATFORM_NAME)\"",
					"\"$(inherited)\"",
				);
				MTL_ENABLE_DEBUG_INFO = YES;
				ONLY_ACTIVE_ARCH = YES;
				OTHER_CPLUSPLUSFLAGS = (
					"$(OTHER_CFLAGS)",
					"-DFOLLY_NO_CONFIG",
					"-DFOLLY_MOBILE=1",
					"-DFOLLY_USE_LIBCPP=1",
				);
				SDKROOT = iphoneos;
			};
			name = Debug;
		};
		83CBBA211A601CBA00E9B192 /* Release */ = {
			isa = XCBuildConfiguration;
			buildSettings = {
				ALWAYS_SEARCH_USER_PATHS = NO;
				CLANG_ANALYZER_LOCALIZABILITY_NONLOCALIZED = YES;
				CLANG_CXX_LANGUAGE_STANDARD = "c++17";
				CLANG_CXX_LIBRARY = "libc++";
				CLANG_ENABLE_MODULES = YES;
				CLANG_ENABLE_OBJC_ARC = YES;
				CLANG_WARN_BLOCK_CAPTURE_AUTORELEASING = YES;
				CLANG_WARN_BOOL_CONVERSION = YES;
				CLANG_WARN_COMMA = YES;
				CLANG_WARN_CONSTANT_CONVERSION = YES;
				CLANG_WARN_DEPRECATED_OBJC_IMPLEMENTATIONS = YES;
				CLANG_WARN_DIRECT_OBJC_ISA_USAGE = YES_ERROR;
				CLANG_WARN_EMPTY_BODY = YES;
				CLANG_WARN_ENUM_CONVERSION = YES;
				CLANG_WARN_INFINITE_RECURSION = YES;
				CLANG_WARN_INT_CONVERSION = YES;
				CLANG_WARN_NON_LITERAL_NULL_CONVERSION = YES;
				CLANG_WARN_OBJC_IMPLICIT_RETAIN_SELF = YES;
				CLANG_WARN_OBJC_LITERAL_CONVERSION = YES;
				CLANG_WARN_OBJC_ROOT_CLASS = YES_ERROR;
				CLANG_WARN_QUOTED_INCLUDE_IN_FRAMEWORK_HEADER = YES;
				CLANG_WARN_RANGE_LOOP_ANALYSIS = YES;
				CLANG_WARN_STRICT_PROTOTYPES = YES;
				CLANG_WARN_SUSPICIOUS_MOVE = YES;
				CLANG_WARN_UNREACHABLE_CODE = YES;
				CLANG_WARN__DUPLICATE_METHOD_MATCH = YES;
				"CODE_SIGN_IDENTITY[sdk=iphoneos*]" = "iPhone Developer";
				COPY_PHASE_STRIP = YES;
				ENABLE_NS_ASSERTIONS = NO;
				ENABLE_STRICT_OBJC_MSGSEND = YES;
				"EXCLUDED_ARCHS[sdk=iphonesimulator*]" = "";
				GCC_C_LANGUAGE_STANDARD = gnu99;
				GCC_NO_COMMON_BLOCKS = YES;
				GCC_WARN_64_TO_32_BIT_CONVERSION = YES;
				GCC_WARN_ABOUT_RETURN_TYPE = YES_ERROR;
				GCC_WARN_UNDECLARED_SELECTOR = YES;
				GCC_WARN_UNINITIALIZED_AUTOS = YES_AGGRESSIVE;
				GCC_WARN_UNUSED_FUNCTION = YES;
				GCC_WARN_UNUSED_VARIABLE = YES;
				IPHONEOS_DEPLOYMENT_TARGET = 12.4;
				LD_RUNPATH_SEARCH_PATHS = (
					/usr/lib/swift,
					"$(inherited)",
				);
				LIBRARY_SEARCH_PATHS = (
					"\"$(SDKROOT)/usr/lib/swift\"",
					"\"$(TOOLCHAIN_DIR)/usr/lib/swift/$(PLATFORM_NAME)\"",
					"\"$(inherited)\"",
				);
				MTL_ENABLE_DEBUG_INFO = NO;
				OTHER_CPLUSPLUSFLAGS = (
					"$(OTHER_CFLAGS)",
					"-DFOLLY_NO_CONFIG",
					"-DFOLLY_MOBILE=1",
					"-DFOLLY_USE_LIBCPP=1",
				);
				SDKROOT = iphoneos;
				VALIDATE_PRODUCT = YES;
			};
			name = Release;
		};
/* End XCBuildConfiguration section */

/* Begin XCConfigurationList section */
		00E357021AD99517003FC87E /* Build configuration list for PBXNativeTarget "spacebarTests" */ = {
			isa = XCConfigurationList;
			buildConfigurations = (
				00E356F61AD99517003FC87E /* Debug */,
				00E356F71AD99517003FC87E /* Release */,
			);
			defaultConfigurationIsVisible = 0;
			defaultConfigurationName = Release;
		};
		13B07F931A680F5B00A75B9A /* Build configuration list for PBXNativeTarget "spacebar" */ = {
			isa = XCConfigurationList;
			buildConfigurations = (
				13B07F941A680F5B00A75B9A /* Debug */,
				13B07F951A680F5B00A75B9A /* Release */,
			);
			defaultConfigurationIsVisible = 0;
			defaultConfigurationName = Release;
		};
		83CBB9FA1A601CBA00E9B192 /* Build configuration list for PBXProject "spacebar" */ = {
			isa = XCConfigurationList;
			buildConfigurations = (
				83CBBA201A601CBA00E9B192 /* Debug */,
				83CBBA211A601CBA00E9B192 /* Release */,
			);
			defaultConfigurationIsVisible = 0;
			defaultConfigurationName = Release;
		};
/* End XCConfigurationList section */
	};
	rootObject = 83CBB9F71A601CBA00E9B192 /* Project object */;
}
