// !$*UTF8*$!
{
	archiveVersion = 1;
	classes = {
	};
	objectVersion = 46;
	objects = {

/* Begin PBXBuildFile section */
		5142014D2437B4B30078DB4F /* AppDelegate.m in Sources */ = {isa = PBXBuildFile; fileRef = 5142014C2437B4B30078DB4F /* AppDelegate.m */; };
		514201502437B4B30078DB4F /* ViewController.m in Sources */ = {isa = PBXBuildFile; fileRef = 5142014F2437B4B30078DB4F /* ViewController.m */; };
		514201522437B4B40078DB4F /* Assets.xcassets in Resources */ = {isa = PBXBuildFile; fileRef = 514201512437B4B40078DB4F /* Assets.xcassets */; };
		514201552437B4B40078DB4F /* Main.storyboard in Resources */ = {isa = PBXBuildFile; fileRef = 514201532437B4B40078DB4F /* Main.storyboard */; };
		514201582437B4B40078DB4F /* main.m in Sources */ = {isa = PBXBuildFile; fileRef = 514201572437B4B40078DB4F /* main.m */; };
		7EB2896426C09AD500857428 /* AppKit.framework in Frameworks */ = {isa = PBXBuildFile; fileRef = 7EB2896326C09AD500857428 /* AppKit.framework */; };
		7EB2896626C09ADB00857428 /* libxml2.tbd in Frameworks */ = {isa = PBXBuildFile; fileRef = 7EB2896526C09ADB00857428 /* libxml2.tbd */; };
		7EB2896926C09AE200857428 /* QuartzCore.framework in Frameworks */ = {isa = PBXBuildFile; fileRef = 7EB2896826C09AE200857428 /* QuartzCore.framework */; };
		7EB2896B26C09AE600857428 /* CoreGraphics.framework in Frameworks */ = {isa = PBXBuildFile; fileRef = 7EB2896A26C09AE600857428 /* CoreGraphics.framework */; };
		9BD078210CADADAF96C805F0 /* libPods-fosscord-macOS.a in Frameworks */ = {isa = PBXBuildFile; fileRef = 189D19D1D9C1B30D34D4BB7D /* libPods-fosscord-macOS.a */; };
/* End PBXBuildFile section */

/* Begin PBXContainerItemProxy section */
		7EB2894A26C09A9D00857428 /* PBXContainerItemProxy */ = {
			isa = PBXContainerItemProxy;
			containerPortal = 7EB2893F26C09A9D00857428 /* SVGKit-iOS.xcodeproj */;
			proxyType = 2;
			remoteGlobalIDString = 6639618E16145D0400E58CCA;
			remoteInfo = "SVGKit-iOS";
		};
		7EB2894C26C09A9D00857428 /* PBXContainerItemProxy */ = {
			isa = PBXContainerItemProxy;
			containerPortal = 7EB2893F26C09A9D00857428 /* SVGKit-iOS.xcodeproj */;
			proxyType = 2;
			remoteGlobalIDString = 55452BF119EC68A200B75A30;
			remoteInfo = "SVGKit-iOS Tests";
		};
		7EB2894E26C09A9D00857428 /* PBXContainerItemProxy */ = {
			isa = PBXContainerItemProxy;
			containerPortal = 7EB2893F26C09A9D00857428 /* SVGKit-iOS.xcodeproj */;
			proxyType = 2;
			remoteGlobalIDString = 825CDAAF1BDA4BC0003C1C12;
			remoteInfo = "SVGKitFramework-iOS";
		};
		7EB2895026C09A9D00857428 /* PBXContainerItemProxy */ = {
			isa = PBXContainerItemProxy;
			containerPortal = 7EB2893F26C09A9D00857428 /* SVGKit-iOS.xcodeproj */;
			proxyType = 2;
			remoteGlobalIDString = 825CDAB81BDA4BC0003C1C12;
			remoteInfo = "SVGKitFramework-iOSTests";
		};
		7EB2895226C09A9D00857428 /* PBXContainerItemProxy */ = {
			isa = PBXContainerItemProxy;
			containerPortal = 7EB2893F26C09A9D00857428 /* SVGKit-iOS.xcodeproj */;
			proxyType = 2;
			remoteGlobalIDString = 825CDAD31BDA4D38003C1C12;
			remoteInfo = "SVGKitFramework-tvOS";
		};
		7EB2895426C09A9D00857428 /* PBXContainerItemProxy */ = {
			isa = PBXContainerItemProxy;
			containerPortal = 7EB2893F26C09A9D00857428 /* SVGKit-iOS.xcodeproj */;
			proxyType = 2;
			remoteGlobalIDString = 825CDADC1BDA4D38003C1C12;
			remoteInfo = "SVGKitFramework-tvOSTests";
		};
		7EB2895626C09A9D00857428 /* PBXContainerItemProxy */ = {
			isa = PBXContainerItemProxy;
			containerPortal = 7EB2893F26C09A9D00857428 /* SVGKit-iOS.xcodeproj */;
			proxyType = 2;
			remoteGlobalIDString = 321EAA622171EC8700640504;
			remoteInfo = "SVGKitFramework-OSX";
		};
		7EB2895826C09A9D00857428 /* PBXContainerItemProxy */ = {
			isa = PBXContainerItemProxy;
			containerPortal = 7EB2893F26C09A9D00857428 /* SVGKit-iOS.xcodeproj */;
			proxyType = 2;
			remoteGlobalIDString = 32A1F09C21746F4700ABFCE1;
			remoteInfo = "SVGKitFramework-OSXTests";
		};
/* End PBXContainerItemProxy section */

/* Begin PBXFileReference section */
		02422F9FB6FF5F34B4E63E6F /* Pods-Shared-fosscord-macOS.debug.xcconfig */ = {isa = PBXFileReference; includeInIndex = 1; lastKnownFileType = text.xcconfig; name = "Pods-Shared-fosscord-macOS.debug.xcconfig"; path = "Target Support Files/Pods-Shared-fosscord-macOS/Pods-Shared-fosscord-macOS.debug.xcconfig"; sourceTree = "<group>"; };
		033DA0009A1E884D01CB2BDC /* Pods-fosscord-macOS.release.xcconfig */ = {isa = PBXFileReference; includeInIndex = 1; lastKnownFileType = text.xcconfig; name = "Pods-fosscord-macOS.release.xcconfig"; path = "Target Support Files/Pods-fosscord-macOS/Pods-fosscord-macOS.release.xcconfig"; sourceTree = "<group>"; };
		1130B85A0986A82F71366F7E /* Pods-fosscord-macOS.debug.xcconfig */ = {isa = PBXFileReference; includeInIndex = 1; lastKnownFileType = text.xcconfig; name = "Pods-fosscord-macOS.debug.xcconfig"; path = "Target Support Files/Pods-fosscord-macOS/Pods-fosscord-macOS.debug.xcconfig"; sourceTree = "<group>"; };
		189D19D1D9C1B30D34D4BB7D /* libPods-fosscord-macOS.a */ = {isa = PBXFileReference; explicitFileType = archive.ar; includeInIndex = 0; path = "libPods-fosscord-macOS.a"; sourceTree = BUILT_PRODUCTS_DIR; };
		1B825F0457F5E9A87AE20A9F /* libPods-fosscord-iOS.a */ = {isa = PBXFileReference; explicitFileType = archive.ar; includeInIndex = 0; path = "libPods-fosscord-iOS.a"; sourceTree = BUILT_PRODUCTS_DIR; };
		38423A3E24576CBC00BC2EAC /* main.jsbundle */ = {isa = PBXFileReference; lastKnownFileType = text; path = main.jsbundle; sourceTree = "<group>"; };
		514201492437B4B30078DB4F /* fosscord.app */ = {isa = PBXFileReference; explicitFileType = wrapper.application; includeInIndex = 0; path = fosscord.app; sourceTree = BUILT_PRODUCTS_DIR; };
		5142014B2437B4B30078DB4F /* AppDelegate.h */ = {isa = PBXFileReference; lastKnownFileType = sourcecode.c.h; path = AppDelegate.h; sourceTree = "<group>"; };
		5142014C2437B4B30078DB4F /* AppDelegate.m */ = {isa = PBXFileReference; lastKnownFileType = sourcecode.c.objc; path = AppDelegate.m; sourceTree = "<group>"; };
		5142014E2437B4B30078DB4F /* ViewController.h */ = {isa = PBXFileReference; lastKnownFileType = sourcecode.c.h; path = ViewController.h; sourceTree = "<group>"; };
		5142014F2437B4B30078DB4F /* ViewController.m */ = {isa = PBXFileReference; lastKnownFileType = sourcecode.c.objc; path = ViewController.m; sourceTree = "<group>"; };
		514201512437B4B40078DB4F /* Assets.xcassets */ = {isa = PBXFileReference; lastKnownFileType = folder.assetcatalog; path = Assets.xcassets; sourceTree = "<group>"; };
		514201542437B4B40078DB4F /* Base */ = {isa = PBXFileReference; lastKnownFileType = file.storyboard; name = Base; path = Base.lproj/Main.storyboard; sourceTree = "<group>"; };
		514201562437B4B40078DB4F /* Info.plist */ = {isa = PBXFileReference; lastKnownFileType = text.plist.xml; path = Info.plist; sourceTree = "<group>"; };
		514201572437B4B40078DB4F /* main.m */ = {isa = PBXFileReference; lastKnownFileType = sourcecode.c.objc; path = main.m; sourceTree = "<group>"; };
		514201592437B4B40078DB4F /* fosscord.entitlements */ = {isa = PBXFileReference; lastKnownFileType = text.plist.entitlements; path = fosscord.entitlements; sourceTree = "<group>"; };
		5800AB028578EBAAFF7EA16C /* Pods-fosscord-iOS.debug.xcconfig */ = {isa = PBXFileReference; includeInIndex = 1; lastKnownFileType = text.xcconfig; name = "Pods-fosscord-iOS.debug.xcconfig"; path = "Target Support Files/Pods-fosscord-iOS/Pods-fosscord-iOS.debug.xcconfig"; sourceTree = "<group>"; };
		7EB2893F26C09A9D00857428 /* SVGKit-iOS.xcodeproj */ = {isa = PBXFileReference; lastKnownFileType = "wrapper.pb-project"; name = "SVGKit-iOS.xcodeproj"; path = "../node_modules/@alloc/react-native-svgkit/SVGKit/SVGKit-iOS.xcodeproj"; sourceTree = "<group>"; };
		7EB2896326C09AD500857428 /* AppKit.framework */ = {isa = PBXFileReference; lastKnownFileType = wrapper.framework; name = AppKit.framework; path = Platforms/MacOSX.platform/Developer/SDKs/MacOSX11.1.sdk/System/Library/Frameworks/AppKit.framework; sourceTree = DEVELOPER_DIR; };
		7EB2896526C09ADB00857428 /* libxml2.tbd */ = {isa = PBXFileReference; lastKnownFileType = "sourcecode.text-based-dylib-definition"; name = libxml2.tbd; path = Platforms/MacOSX.platform/Developer/SDKs/MacOSX11.1.sdk/usr/lib/libxml2.tbd; sourceTree = DEVELOPER_DIR; };
		7EB2896826C09AE200857428 /* QuartzCore.framework */ = {isa = PBXFileReference; lastKnownFileType = wrapper.framework; name = QuartzCore.framework; path = Platforms/MacOSX.platform/Developer/SDKs/MacOSX11.1.sdk/System/Library/Frameworks/QuartzCore.framework; sourceTree = DEVELOPER_DIR; };
		7EB2896A26C09AE600857428 /* CoreGraphics.framework */ = {isa = PBXFileReference; lastKnownFileType = wrapper.framework; name = CoreGraphics.framework; path = Platforms/MacOSX.platform/Developer/SDKs/MacOSX11.1.sdk/System/Library/Frameworks/CoreGraphics.framework; sourceTree = DEVELOPER_DIR; };
		9D32DFD059D5DB6DDEF38881 /* Pods-Shared-fosscord-iOS.debug.xcconfig */ = {isa = PBXFileReference; includeInIndex = 1; lastKnownFileType = text.xcconfig; name = "Pods-Shared-fosscord-iOS.debug.xcconfig"; path = "Target Support Files/Pods-Shared-fosscord-iOS/Pods-Shared-fosscord-iOS.debug.xcconfig"; sourceTree = "<group>"; };
		A82DFB63B157C65E5D698CA2 /* Pods-Shared-fosscord-iOS.release.xcconfig */ = {isa = PBXFileReference; includeInIndex = 1; lastKnownFileType = text.xcconfig; name = "Pods-Shared-fosscord-iOS.release.xcconfig"; path = "Target Support Files/Pods-Shared-fosscord-iOS/Pods-Shared-fosscord-iOS.release.xcconfig"; sourceTree = "<group>"; };
		CE0E74F571E1F48FF00A8324 /* Pods-Shared-fosscord-macOS.release.xcconfig */ = {isa = PBXFileReference; includeInIndex = 1; lastKnownFileType = text.xcconfig; name = "Pods-Shared-fosscord-macOS.release.xcconfig"; path = "Target Support Files/Pods-Shared-fosscord-macOS/Pods-Shared-fosscord-macOS.release.xcconfig"; sourceTree = "<group>"; };
		E35AC455B4B85D068B920A24 /* Pods-fosscord-iOS.release.xcconfig */ = {isa = PBXFileReference; includeInIndex = 1; lastKnownFileType = text.xcconfig; name = "Pods-fosscord-iOS.release.xcconfig"; path = "Target Support Files/Pods-fosscord-iOS/Pods-fosscord-iOS.release.xcconfig"; sourceTree = "<group>"; };
		ED297162215061F000B7C4FE /* JavaScriptCore.framework */ = {isa = PBXFileReference; lastKnownFileType = wrapper.framework; name = JavaScriptCore.framework; path = System/Library/Frameworks/JavaScriptCore.framework; sourceTree = SDKROOT; };
		ED2971642150620600B7C4FE /* JavaScriptCore.framework */ = {isa = PBXFileReference; lastKnownFileType = wrapper.framework; name = JavaScriptCore.framework; path = Platforms/AppleTVOS.platform/Developer/SDKs/AppleTVOS12.0.sdk/System/Library/Frameworks/JavaScriptCore.framework; sourceTree = DEVELOPER_DIR; };
/* End PBXFileReference section */

/* Begin PBXFrameworksBuildPhase section */
		514201462437B4B30078DB4F /* Frameworks */ = {
			isa = PBXFrameworksBuildPhase;
			buildActionMask = 2147483647;
			files = (
				7EB2896B26C09AE600857428 /* CoreGraphics.framework in Frameworks */,
				7EB2896926C09AE200857428 /* QuartzCore.framework in Frameworks */,
				7EB2896626C09ADB00857428 /* libxml2.tbd in Frameworks */,
				7EB2896426C09AD500857428 /* AppKit.framework in Frameworks */,
				9BD078210CADADAF96C805F0 /* libPods-fosscord-macOS.a in Frameworks */,
			);
			runOnlyForDeploymentPostprocessing = 0;
		};
/* End PBXFrameworksBuildPhase section */

/* Begin PBXGroup section */
		1986A43FA6A91CFACDF0A798 /* Pods */ = {
			isa = PBXGroup;
			children = (
				9D32DFD059D5DB6DDEF38881 /* Pods-Shared-fosscord-iOS.debug.xcconfig */,
				A82DFB63B157C65E5D698CA2 /* Pods-Shared-fosscord-iOS.release.xcconfig */,
				02422F9FB6FF5F34B4E63E6F /* Pods-Shared-fosscord-macOS.debug.xcconfig */,
				CE0E74F571E1F48FF00A8324 /* Pods-Shared-fosscord-macOS.release.xcconfig */,
				5800AB028578EBAAFF7EA16C /* Pods-fosscord-iOS.debug.xcconfig */,
				E35AC455B4B85D068B920A24 /* Pods-fosscord-iOS.release.xcconfig */,
				1130B85A0986A82F71366F7E /* Pods-fosscord-macOS.debug.xcconfig */,
				033DA0009A1E884D01CB2BDC /* Pods-fosscord-macOS.release.xcconfig */,
			);
			path = Pods;
			sourceTree = "<group>";
		};
		2D16E6871FA4F8E400B85C8A /* Frameworks */ = {
			isa = PBXGroup;
			children = (
				7EB2896A26C09AE600857428 /* CoreGraphics.framework */,
				7EB2896826C09AE200857428 /* QuartzCore.framework */,
				7EB2896526C09ADB00857428 /* libxml2.tbd */,
				7EB2896326C09AD500857428 /* AppKit.framework */,
				ED297162215061F000B7C4FE /* JavaScriptCore.framework */,
				ED2971642150620600B7C4FE /* JavaScriptCore.framework */,
				1B825F0457F5E9A87AE20A9F /* libPods-fosscord-iOS.a */,
				189D19D1D9C1B30D34D4BB7D /* libPods-fosscord-macOS.a */,
			);
			name = Frameworks;
			sourceTree = "<group>";
		};
		5142014A2437B4B30078DB4F /* fosscord-macOS */ = {
			isa = PBXGroup;
			children = (
				38423A3E24576CBC00BC2EAC /* main.jsbundle */,
				5142014B2437B4B30078DB4F /* AppDelegate.h */,
				5142014C2437B4B30078DB4F /* AppDelegate.m */,
				5142014E2437B4B30078DB4F /* ViewController.h */,
				5142014F2437B4B30078DB4F /* ViewController.m */,
				514201512437B4B40078DB4F /* Assets.xcassets */,
				514201532437B4B40078DB4F /* Main.storyboard */,
				514201562437B4B40078DB4F /* Info.plist */,
				514201572437B4B40078DB4F /* main.m */,
				514201592437B4B40078DB4F /* fosscord.entitlements */,
			);
			path = "fosscord-macOS";
			sourceTree = "<group>";
		};
		7EB2894026C09A9D00857428 /* Products */ = {
			isa = PBXGroup;
			children = (
				7EB2894B26C09A9D00857428 /* libSVGKit-iOS.2.1.0.a */,
				7EB2894D26C09A9D00857428 /* SVGKit-iOS Tests.xctest */,
				7EB2894F26C09A9D00857428 /* SVGKit.framework */,
				7EB2895126C09A9D00857428 /* SVGKitFramework-iOSTests.xctest */,
				7EB2895326C09A9D00857428 /* SVGKit.framework */,
				7EB2895526C09A9D00857428 /* SVGKitFramework-tvOSTests.xctest */,
				7EB2895726C09A9D00857428 /* SVGKit.framework */,
				7EB2895926C09A9D00857428 /* SVGKitFramework-OSXTests.xctest */,
			);
			name = Products;
			sourceTree = "<group>";
		};
		832341AE1AAA6A7D00B99B32 /* Libraries */ = {
			isa = PBXGroup;
			children = (
				7EB2893F26C09A9D00857428 /* SVGKit-iOS.xcodeproj */,
			);
			name = Libraries;
			sourceTree = "<group>";
		};
		83CBB9F61A601CBA00E9B192 = {
			isa = PBXGroup;
			children = (
				5142014A2437B4B30078DB4F /* fosscord-macOS */,
				832341AE1AAA6A7D00B99B32 /* Libraries */,
				83CBBA001A601CBA00E9B192 /* Products */,
				2D16E6871FA4F8E400B85C8A /* Frameworks */,
				1986A43FA6A91CFACDF0A798 /* Pods */,
			);
			indentWidth = 2;
			sourceTree = "<group>";
			tabWidth = 2;
			usesTabs = 0;
		};
		83CBBA001A601CBA00E9B192 /* Products */ = {
			isa = PBXGroup;
			children = (
				514201492437B4B30078DB4F /* fosscord.app */,
			);
			name = Products;
			sourceTree = "<group>";
		};
/* End PBXGroup section */

/* Begin PBXNativeTarget section */
		514201482437B4B30078DB4F /* fosscord-macOS */ = {
			isa = PBXNativeTarget;
			buildConfigurationList = 5142015A2437B4B40078DB4F /* Build configuration list for PBXNativeTarget "fosscord-macOS" */;
			buildPhases = (
				1A938104A937498D81B3BD3B /* [CP] Check Pods Manifest.lock */,
				381D8A6F24576A6C00465D17 /* Start Packager */,
				514201452437B4B30078DB4F /* Sources */,
				514201462437B4B30078DB4F /* Frameworks */,
				514201472437B4B30078DB4F /* Resources */,
				381D8A6E24576A4E00465D17 /* Bundle React Native code and images */,
				06E37EB6BE4FB4F2A2A6B19F /* [CP] Copy Pods Resources */,
			);
			buildRules = (
			);
			dependencies = (
			);
			name = "fosscord-macOS";
			productName = fosscord;
			productReference = 514201492437B4B30078DB4F /* fosscord.app */;
			productType = "com.apple.product-type.application";
		};
/* End PBXNativeTarget section */

/* Begin PBXProject section */
		83CBB9F71A601CBA00E9B192 /* Project object */ = {
			isa = PBXProject;
			attributes = {
				LastUpgradeCheck = 1130;
				TargetAttributes = {
					514201482437B4B30078DB4F = {
						CreatedOnToolsVersion = 11.4;
						ProvisioningStyle = Automatic;
					};
				};
			};
			buildConfigurationList = 83CBB9FA1A601CBA00E9B192 /* Build configuration list for PBXProject "fosscord" */;
			compatibilityVersion = "Xcode 3.2";
			developmentRegion = en;
			hasScannedForEncodings = 0;
			knownRegions = (
				en,
				Base,
			);
			mainGroup = 83CBB9F61A601CBA00E9B192;
			productRefGroup = 83CBBA001A601CBA00E9B192 /* Products */;
			projectDirPath = "";
			projectReferences = (
				{
					ProductGroup = 7EB2894026C09A9D00857428 /* Products */;
					ProjectRef = 7EB2893F26C09A9D00857428 /* SVGKit-iOS.xcodeproj */;
				},
			);
			projectRoot = "";
			targets = (
				514201482437B4B30078DB4F /* fosscord-macOS */,
			);
		};
/* End PBXProject section */

/* Begin PBXReferenceProxy section */
		7EB2894B26C09A9D00857428 /* libSVGKit-iOS.2.1.0.a */ = {
			isa = PBXReferenceProxy;
			fileType = archive.ar;
			path = "libSVGKit-iOS.2.1.0.a";
			remoteRef = 7EB2894A26C09A9D00857428 /* PBXContainerItemProxy */;
			sourceTree = BUILT_PRODUCTS_DIR;
		};
		7EB2894D26C09A9D00857428 /* SVGKit-iOS Tests.xctest */ = {
			isa = PBXReferenceProxy;
			fileType = wrapper.cfbundle;
			path = "SVGKit-iOS Tests.xctest";
			remoteRef = 7EB2894C26C09A9D00857428 /* PBXContainerItemProxy */;
			sourceTree = BUILT_PRODUCTS_DIR;
		};
		7EB2894F26C09A9D00857428 /* SVGKit.framework */ = {
			isa = PBXReferenceProxy;
			fileType = wrapper.framework;
			path = SVGKit.framework;
			remoteRef = 7EB2894E26C09A9D00857428 /* PBXContainerItemProxy */;
			sourceTree = BUILT_PRODUCTS_DIR;
		};
		7EB2895126C09A9D00857428 /* SVGKitFramework-iOSTests.xctest */ = {
			isa = PBXReferenceProxy;
			fileType = wrapper.cfbundle;
			path = "SVGKitFramework-iOSTests.xctest";
			remoteRef = 7EB2895026C09A9D00857428 /* PBXContainerItemProxy */;
			sourceTree = BUILT_PRODUCTS_DIR;
		};
		7EB2895326C09A9D00857428 /* SVGKit.framework */ = {
			isa = PBXReferenceProxy;
			fileType = wrapper.framework;
			path = SVGKit.framework;
			remoteRef = 7EB2895226C09A9D00857428 /* PBXContainerItemProxy */;
			sourceTree = BUILT_PRODUCTS_DIR;
		};
		7EB2895526C09A9D00857428 /* SVGKitFramework-tvOSTests.xctest */ = {
			isa = PBXReferenceProxy;
			fileType = wrapper.cfbundle;
			path = "SVGKitFramework-tvOSTests.xctest";
			remoteRef = 7EB2895426C09A9D00857428 /* PBXContainerItemProxy */;
			sourceTree = BUILT_PRODUCTS_DIR;
		};
		7EB2895726C09A9D00857428 /* SVGKit.framework */ = {
			isa = PBXReferenceProxy;
			fileType = wrapper.framework;
			path = SVGKit.framework;
			remoteRef = 7EB2895626C09A9D00857428 /* PBXContainerItemProxy */;
			sourceTree = BUILT_PRODUCTS_DIR;
		};
		7EB2895926C09A9D00857428 /* SVGKitFramework-OSXTests.xctest */ = {
			isa = PBXReferenceProxy;
			fileType = wrapper.cfbundle;
			path = "SVGKitFramework-OSXTests.xctest";
			remoteRef = 7EB2895826C09A9D00857428 /* PBXContainerItemProxy */;
			sourceTree = BUILT_PRODUCTS_DIR;
		};
/* End PBXReferenceProxy section */

/* Begin PBXResourcesBuildPhase section */
		514201472437B4B30078DB4F /* Resources */ = {
			isa = PBXResourcesBuildPhase;
			buildActionMask = 2147483647;
			files = (
				514201522437B4B40078DB4F /* Assets.xcassets in Resources */,
				514201552437B4B40078DB4F /* Main.storyboard in Resources */,
			);
			runOnlyForDeploymentPostprocessing = 0;
		};
/* End PBXResourcesBuildPhase section */

/* Begin PBXShellScriptBuildPhase section */
		06E37EB6BE4FB4F2A2A6B19F /* [CP] Copy Pods Resources */ = {
			isa = PBXShellScriptBuildPhase;
			buildActionMask = 2147483647;
			files = (
			);
			inputPaths = (
				"${PODS_ROOT}/Target Support Files/Pods-fosscord-macOS/Pods-fosscord-macOS-resources.sh",
				"${PODS_CONFIGURATION_BUILD_DIR}/React-Core/AccessibilityResources.bundle",
			);
			name = "[CP] Copy Pods Resources";
			outputPaths = (
				"${TARGET_BUILD_DIR}/${UNLOCALIZED_RESOURCES_FOLDER_PATH}/AccessibilityResources.bundle",
			);
			runOnlyForDeploymentPostprocessing = 0;
			shellPath = /bin/sh;
			shellScript = "\"${PODS_ROOT}/Target Support Files/Pods-fosscord-macOS/Pods-fosscord-macOS-resources.sh\"\n";
			showEnvVarsInLog = 0;
		};
		1A938104A937498D81B3BD3B /* [CP] Check Pods Manifest.lock */ = {
			isa = PBXShellScriptBuildPhase;
			buildActionMask = 2147483647;
			files = (
			);
			inputFileListPaths = (
			);
			inputPaths = (
				"${PODS_PODFILE_DIR_PATH}/Podfile.lock",
				"${PODS_ROOT}/Manifest.lock",
			);
			name = "[CP] Check Pods Manifest.lock";
			outputFileListPaths = (
			);
			outputPaths = (
				"$(DERIVED_FILE_DIR)/Pods-fosscord-macOS-checkManifestLockResult.txt",
			);
			runOnlyForDeploymentPostprocessing = 0;
			shellPath = /bin/sh;
			shellScript = "diff \"${PODS_PODFILE_DIR_PATH}/Podfile.lock\" \"${PODS_ROOT}/Manifest.lock\" > /dev/null\nif [ $? != 0 ] ; then\n    # print error to STDERR\n    echo \"error: The sandbox is not in sync with the Podfile.lock. Run 'pod install' or update your CocoaPods installation.\" >&2\n    exit 1\nfi\n# This output is used by Xcode 'outputs' to avoid re-running this script phase.\necho \"SUCCESS\" > \"${SCRIPT_OUTPUT_FILE_0}\"\n";
			showEnvVarsInLog = 0;
		};
		381D8A6E24576A4E00465D17 /* Bundle React Native code and images */ = {
			isa = PBXShellScriptBuildPhase;
			buildActionMask = 2147483647;
			files = (
			);
			inputFileListPaths = (
			);
			inputPaths = (
			);
			name = "Bundle React Native code and images";
			outputFileListPaths = (
			);
			outputPaths = (
			);
			runOnlyForDeploymentPostprocessing = 0;
			shellPath = /bin/sh;
			shellScript = "export NODE_BINARY=node\n../node_modules/react-native-macos/scripts/react-native-xcode.sh\n";
		};
		381D8A6F24576A6C00465D17 /* Start Packager */ = {
			isa = PBXShellScriptBuildPhase;
			buildActionMask = 2147483647;
			files = (
			);
			inputFileListPaths = (
			);
			inputPaths = (
			);
			name = "Start Packager";
			outputFileListPaths = (
			);
			outputPaths = (
			);
			runOnlyForDeploymentPostprocessing = 0;
			shellPath = /bin/sh;
			shellScript = "export RCT_METRO_PORT=\"${RCT_METRO_PORT:=8081}\"\necho \"export RCT_METRO_PORT=${RCT_METRO_PORT}\" > \"${SRCROOT}/../node_modules/react-native-macos/scripts/.packager.env\"\nif [ -z \"${RCT_NO_LAUNCH_PACKAGER+xxx}\" ] ; then\n  if nc -w 5 -z localhost ${RCT_METRO_PORT} ; then\n    if ! curl -s \"http://localhost:${RCT_METRO_PORT}/status\" | grep -q \"packager-status:running\" ; then\n      echo \"Port ${RCT_METRO_PORT} already in use, packager is either not running or not running correctly\"\n      exit 2\n    fi\n  else\n    open \"$SRCROOT/../node_modules/react-native-macos/scripts/launchPackager.command\" || echo \"Can't start packager automatically\"\n  fi\nfi\n";
		};
/* End PBXShellScriptBuildPhase section */

/* Begin PBXSourcesBuildPhase section */
		514201452437B4B30078DB4F /* Sources */ = {
			isa = PBXSourcesBuildPhase;
			buildActionMask = 2147483647;
			files = (
				514201502437B4B30078DB4F /* ViewController.m in Sources */,
				514201582437B4B40078DB4F /* main.m in Sources */,
				5142014D2437B4B30078DB4F /* AppDelegate.m in Sources */,
			);
			runOnlyForDeploymentPostprocessing = 0;
		};
/* End PBXSourcesBuildPhase section */

/* Begin PBXVariantGroup section */
		514201532437B4B40078DB4F /* Main.storyboard */ = {
			isa = PBXVariantGroup;
			children = (
				514201542437B4B40078DB4F /* Base */,
			);
			name = Main.storyboard;
			sourceTree = "<group>";
		};
/* End PBXVariantGroup section */

/* Begin XCBuildConfiguration section */
		5142015B2437B4B40078DB4F /* Debug */ = {
			isa = XCBuildConfiguration;
			baseConfigurationReference = 1130B85A0986A82F71366F7E /* Pods-fosscord-macOS.debug.xcconfig */;
			buildSettings = {
				ASSETCATALOG_COMPILER_APPICON_NAME = AppIcon;
				CURRENT_PROJECT_VERSION = 1;
				DEAD_CODE_STRIPPING = NO;
				INFOPLIST_FILE = "fosscord-macos/Info.plist";
				LD_RUNPATH_SEARCH_PATHS = "$(inherited) @executable_path/Frameworks";
				MACOSX_DEPLOYMENT_TARGET = 10.13;
				OTHER_LDFLAGS = (
					"$(inherited)",
					"-ObjC",
					"-lc++",
				);
				PRODUCT_BUNDLE_IDENTIFIER = "org.reactjs.native.$(PRODUCT_NAME:rfc1034identifier)";
				PRODUCT_NAME = fosscord;
				SDKROOT = macosx;
			};
			name = Debug;
		};
		5142015C2437B4B40078DB4F /* Release */ = {
			isa = XCBuildConfiguration;
			baseConfigurationReference = 033DA0009A1E884D01CB2BDC /* Pods-fosscord-macOS.release.xcconfig */;
			buildSettings = {
				ASSETCATALOG_COMPILER_APPICON_NAME = AppIcon;
				CURRENT_PROJECT_VERSION = 1;
				INFOPLIST_FILE = "fosscord-macos/Info.plist";
				LD_RUNPATH_SEARCH_PATHS = "$(inherited) @executable_path/Frameworks";
				MACOSX_DEPLOYMENT_TARGET = 10.13;
				OTHER_LDFLAGS = (
					"$(inherited)",
					"-ObjC",
					"-lc++",
				);
				PRODUCT_BUNDLE_IDENTIFIER = "org.reactjs.native.$(PRODUCT_NAME:rfc1034identifier)";
				PRODUCT_NAME = fosscord;
				SDKROOT = macosx;
			};
			name = Release;
		};
		83CBBA201A601CBA00E9B192 /* Debug */ = {
			isa = XCBuildConfiguration;
			buildSettings = {
				ALWAYS_SEARCH_USER_PATHS = NO;
				CLANG_ANALYZER_LOCALIZABILITY_NONLOCALIZED = YES;
				CLANG_CXX_LANGUAGE_STANDARD = "gnu++0x";
				CLANG_CXX_LIBRARY = "libc++";
				CLANG_ENABLE_MODULES = YES;
				CLANG_ENABLE_OBJC_ARC = YES;
				CLANG_WARN_BLOCK_CAPTURE_AUTORELEASING = YES;
				CLANG_WARN_BOOL_CONVERSION = YES;
				CLANG_WARN_COMMA = YES;
				CLANG_WARN_CONSTANT_CONVERSION = YES;
				CLANG_WARN_DEPRECATED_OBJC_IMPLEMENTATIONS = YES;
				CLANG_WARN_DIRECT_OBJC_ISA_USAGE = YES_ERROR;
				CLANG_WARN_EMPTY_BODY = YES;
				CLANG_WARN_ENUM_CONVERSION = YES;
				CLANG_WARN_INFINITE_RECURSION = YES;
				CLANG_WARN_INT_CONVERSION = YES;
				CLANG_WARN_NON_LITERAL_NULL_CONVERSION = YES;
				CLANG_WARN_OBJC_IMPLICIT_RETAIN_SELF = YES;
				CLANG_WARN_OBJC_LITERAL_CONVERSION = YES;
				CLANG_WARN_OBJC_ROOT_CLASS = YES_ERROR;
				CLANG_WARN_RANGE_LOOP_ANALYSIS = YES;
				CLANG_WARN_STRICT_PROTOTYPES = YES;
				CLANG_WARN_SUSPICIOUS_MOVE = YES;
				CLANG_WARN_UNREACHABLE_CODE = YES;
				CLANG_WARN__DUPLICATE_METHOD_MATCH = YES;
				"CODE_SIGN_IDENTITY[sdk=iphoneos*]" = "iPhone Developer";
				COPY_PHASE_STRIP = NO;
				ENABLE_STRICT_OBJC_MSGSEND = YES;
				ENABLE_TESTABILITY = YES;
				GCC_C_LANGUAGE_STANDARD = gnu99;
				GCC_DYNAMIC_NO_PIC = NO;
				GCC_NO_COMMON_BLOCKS = YES;
				GCC_OPTIMIZATION_LEVEL = 0;
				GCC_PREPROCESSOR_DEFINITIONS = (
					"DEBUG=1",
					"$(inherited)",
				);
				GCC_SYMBOLS_PRIVATE_EXTERN = NO;
				GCC_WARN_64_TO_32_BIT_CONVERSION = YES;
				GCC_WARN_ABOUT_RETURN_TYPE = YES_ERROR;
				GCC_WARN_UNDECLARED_SELECTOR = YES;
				GCC_WARN_UNINITIALIZED_AUTOS = YES_AGGRESSIVE;
				GCC_WARN_UNUSED_FUNCTION = YES;
				GCC_WARN_UNUSED_VARIABLE = YES;
				IPHONEOS_DEPLOYMENT_TARGET = 9.0;
				LD_RUNPATH_SEARCH_PATHS = "/usr/lib/swift $(inherited)";
				LIBRARY_SEARCH_PATHS = (
					"\"$(TOOLCHAIN_DIR)/usr/lib/swift/$(PLATFORM_NAME)\"",
					"\"$(TOOLCHAIN_DIR)/usr/lib/swift-5.0/$(PLATFORM_NAME)\"",
					"\"$(inherited)\"",
				);
				MTL_ENABLE_DEBUG_INFO = YES;
				ONLY_ACTIVE_ARCH = YES;
				SDKROOT = iphoneos;
			};
			name = Debug;
		};
		83CBBA211A601CBA00E9B192 /* Release */ = {
			isa = XCBuildConfiguration;
			buildSettings = {
				ALWAYS_SEARCH_USER_PATHS = NO;
				CLANG_ANALYZER_LOCALIZABILITY_NONLOCALIZED = YES;
				CLANG_CXX_LANGUAGE_STANDARD = "gnu++0x";
				CLANG_CXX_LIBRARY = "libc++";
				CLANG_ENABLE_MODULES = YES;
				CLANG_ENABLE_OBJC_ARC = YES;
				CLANG_WARN_BLOCK_CAPTURE_AUTORELEASING = YES;
				CLANG_WARN_BOOL_CONVERSION = YES;
				CLANG_WARN_COMMA = YES;
				CLANG_WARN_CONSTANT_CONVERSION = YES;
				CLANG_WARN_DEPRECATED_OBJC_IMPLEMENTATIONS = YES;
				CLANG_WARN_DIRECT_OBJC_ISA_USAGE = YES_ERROR;
				CLANG_WARN_EMPTY_BODY = YES;
				CLANG_WARN_ENUM_CONVERSION = YES;
				CLANG_WARN_INFINITE_RECURSION = YES;
				CLANG_WARN_INT_CONVERSION = YES;
				CLANG_WARN_NON_LITERAL_NULL_CONVERSION = YES;
				CLANG_WARN_OBJC_IMPLICIT_RETAIN_SELF = YES;
				CLANG_WARN_OBJC_LITERAL_CONVERSION = YES;
				CLANG_WARN_OBJC_ROOT_CLASS = YES_ERROR;
				CLANG_WARN_RANGE_LOOP_ANALYSIS = YES;
				CLANG_WARN_STRICT_PROTOTYPES = YES;
				CLANG_WARN_SUSPICIOUS_MOVE = YES;
				CLANG_WARN_UNREACHABLE_CODE = YES;
				CLANG_WARN__DUPLICATE_METHOD_MATCH = YES;
				"CODE_SIGN_IDENTITY[sdk=iphoneos*]" = "iPhone Developer";
				COPY_PHASE_STRIP = YES;
				ENABLE_NS_ASSERTIONS = NO;
				ENABLE_STRICT_OBJC_MSGSEND = YES;
				GCC_C_LANGUAGE_STANDARD = gnu99;
				GCC_NO_COMMON_BLOCKS = YES;
				GCC_WARN_64_TO_32_BIT_CONVERSION = YES;
				GCC_WARN_ABOUT_RETURN_TYPE = YES_ERROR;
				GCC_WARN_UNDECLARED_SELECTOR = YES;
				GCC_WARN_UNINITIALIZED_AUTOS = YES_AGGRESSIVE;
				GCC_WARN_UNUSED_FUNCTION = YES;
				GCC_WARN_UNUSED_VARIABLE = YES;
				IPHONEOS_DEPLOYMENT_TARGET = 9.0;
				LD_RUNPATH_SEARCH_PATHS = "/usr/lib/swift $(inherited)";
				LIBRARY_SEARCH_PATHS = (
					"\"$(TOOLCHAIN_DIR)/usr/lib/swift/$(PLATFORM_NAME)\"",
					"\"$(TOOLCHAIN_DIR)/usr/lib/swift-5.0/$(PLATFORM_NAME)\"",
					"\"$(inherited)\"",
				);
				MTL_ENABLE_DEBUG_INFO = NO;
				SDKROOT = iphoneos;
				VALIDATE_PRODUCT = YES;
			};
			name = Release;
		};
/* End XCBuildConfiguration section */

/* Begin XCConfigurationList section */
		5142015A2437B4B40078DB4F /* Build configuration list for PBXNativeTarget "fosscord-macOS" */ = {
			isa = XCConfigurationList;
			buildConfigurations = (
				5142015B2437B4B40078DB4F /* Debug */,
				5142015C2437B4B40078DB4F /* Release */,
			);
			defaultConfigurationIsVisible = 0;
			defaultConfigurationName = Release;
		};
		83CBB9FA1A601CBA00E9B192 /* Build configuration list for PBXProject "fosscord" */ = {
			isa = XCConfigurationList;
			buildConfigurations = (
				83CBBA201A601CBA00E9B192 /* Debug */,
				83CBBA211A601CBA00E9B192 /* Release */,
			);
			defaultConfigurationIsVisible = 0;
			defaultConfigurationName = Release;
		};
/* End XCConfigurationList section */
	};
	rootObject = 83CBB9F71A601CBA00E9B192 /* Project object */;
}
